// !$*UTF8*$!
{
	archiveVersion = 1;
	classes = {
	};
	objectVersion = 77;
	objects = {

/* Begin PBXAggregateTarget section */
		268C47062CCA31A8006E6D5D /* libstappler-core */ = {
			isa = PBXAggregateTarget;
			buildConfigurationList = 268C47092CCA31A8006E6D5D /* Build configuration list for PBXAggregateTarget "libstappler-core" */;
			buildPhases = (
			);
			dependencies = (
				268C470B2CCA31B9006E6D5D /* PBXTargetDependency */,
				268C470D2CCA31B9006E6D5D /* PBXTargetDependency */,
				268C470F2CCA31B9006E6D5D /* PBXTargetDependency */,
				268C47112CCA31B9006E6D5D /* PBXTargetDependency */,
				268C47132CCA31B9006E6D5D /* PBXTargetDependency */,
				268C47152CCA31B9006E6D5D /* PBXTargetDependency */,
				268C47172CCA31B9006E6D5D /* PBXTargetDependency */,
				268C47192CCA31B9006E6D5D /* PBXTargetDependency */,
				268C471B2CCA31B9006E6D5D /* PBXTargetDependency */,
				268C471D2CCA31B9006E6D5D /* PBXTargetDependency */,
				268C471F2CCA31B9006E6D5D /* PBXTargetDependency */,
				268C47212CCA31B9006E6D5D /* PBXTargetDependency */,
				268C47232CCA31B9006E6D5D /* PBXTargetDependency */,
			);
			name = "libstappler-core";
			packageProductDependencies = (
			);
			productName = "libstappler-core";
		};
/* End PBXAggregateTarget section */

/* Begin PBXContainerItemProxy section */
		268C470A2CCA31B9006E6D5D /* PBXContainerItemProxy */ = {
			isa = PBXContainerItemProxy;
			containerPortal = 2670DFEC2CC5766A00B3A76A /* Project object */;
			proxyType = 1;
			remoteGlobalIDString = 268C425C2CC93B3D006E6D5D;
			remoteInfo = bitmap;
		};
		268C470C2CCA31B9006E6D5D /* PBXContainerItemProxy */ = {
			isa = PBXContainerItemProxy;
			containerPortal = 2670DFEC2CC5766A00B3A76A /* Project object */;
			proxyType = 1;
			remoteGlobalIDString = 268C41C12CC8EE0D006E6D5D;
			remoteInfo = core;
		};
		268C470E2CCA31B9006E6D5D /* PBXContainerItemProxy */ = {
			isa = PBXContainerItemProxy;
			containerPortal = 2670DFEC2CC5766A00B3A76A /* Project object */;
			proxyType = 1;
			remoteGlobalIDString = 268C41FE2CC8F0A1006E6D5D;
			remoteInfo = crypto;
		};
		268C47102CCA31B9006E6D5D /* PBXContainerItemProxy */ = {
			isa = PBXContainerItemProxy;
			containerPortal = 2670DFEC2CC5766A00B3A76A /* Project object */;
			proxyType = 1;
			remoteGlobalIDString = 268C41F12CC8F096006E6D5D;
			remoteInfo = data;
		};
		268C47122CCA31B9006E6D5D /* PBXContainerItemProxy */ = {
			isa = PBXContainerItemProxy;
			containerPortal = 2670DFEC2CC5766A00B3A76A /* Project object */;
			proxyType = 1;
			remoteGlobalIDString = 268C42692CC93B78006E6D5D;
			remoteInfo = db;
		};
		268C47142CCA31B9006E6D5D /* PBXContainerItemProxy */ = {
			isa = PBXContainerItemProxy;
			containerPortal = 2670DFEC2CC5766A00B3A76A /* Project object */;
			proxyType = 1;
			remoteGlobalIDString = 268C42762CC93B8D006E6D5D;
			remoteInfo = font;
		};
		268C47162CCA31B9006E6D5D /* PBXContainerItemProxy */ = {
			isa = PBXContainerItemProxy;
			containerPortal = 2670DFEC2CC5766A00B3A76A /* Project object */;
			proxyType = 1;
			remoteGlobalIDString = 268C42832CC93BE0006E6D5D;
			remoteInfo = geom;
		};
		268C47182CCA31B9006E6D5D /* PBXContainerItemProxy */ = {
			isa = PBXContainerItemProxy;
			containerPortal = 2670DFEC2CC5766A00B3A76A /* Project object */;
			proxyType = 1;
			remoteGlobalIDString = 268C42902CC93C01006E6D5D;
			remoteInfo = network;
		};
		268C471A2CCA31B9006E6D5D /* PBXContainerItemProxy */ = {
			isa = PBXContainerItemProxy;
			containerPortal = 2670DFEC2CC5766A00B3A76A /* Project object */;
			proxyType = 1;
			remoteGlobalIDString = 268C429D2CC93C30006E6D5D;
			remoteInfo = search;
		};
		268C471C2CCA31B9006E6D5D /* PBXContainerItemProxy */ = {
			isa = PBXContainerItemProxy;
			containerPortal = 2670DFEC2CC5766A00B3A76A /* Project object */;
			proxyType = 1;
			remoteGlobalIDString = 268C42AA2CC93C4A006E6D5D;
			remoteInfo = tess;
		};
		268C471E2CCA31B9006E6D5D /* PBXContainerItemProxy */ = {
			isa = PBXContainerItemProxy;
			containerPortal = 2670DFEC2CC5766A00B3A76A /* Project object */;
			proxyType = 1;
			remoteGlobalIDString = 268C42B72CC93C63006E6D5D;
			remoteInfo = vg;
		};
		268C47202CCA31B9006E6D5D /* PBXContainerItemProxy */ = {
			isa = PBXContainerItemProxy;
			containerPortal = 2670DFEC2CC5766A00B3A76A /* Project object */;
			proxyType = 1;
			remoteGlobalIDString = 268C42C42CC93C75006E6D5D;
			remoteInfo = wasm;
		};
		268C47222CCA31B9006E6D5D /* PBXContainerItemProxy */ = {
			isa = PBXContainerItemProxy;
			containerPortal = 2670DFEC2CC5766A00B3A76A /* Project object */;
			proxyType = 1;
			remoteGlobalIDString = 268C42D12CC93C8C006E6D5D;
			remoteInfo = zip;
		};
/* End PBXContainerItemProxy section */

/* Begin PBXFileReference section */
		2670E1C92CC5772500B3A76A /* backtrace.mk */ = {isa = PBXFileReference; lastKnownFileType = text; name = backtrace.mk; path = ../backtrace.mk; sourceTree = SOURCE_ROOT; };
		2670E1CB2CC5772500B3A76A /* Makefile */ = {isa = PBXFileReference; lastKnownFileType = sourcecode.make; name = Makefile; path = ../Makefile; sourceTree = SOURCE_ROOT; };
		2670E1CC2CC5772500B3A76A /* stappler-modules.mk */ = {isa = PBXFileReference; lastKnownFileType = text; name = "stappler-modules.mk"; path = "../stappler-modules.mk"; sourceTree = SOURCE_ROOT; };
		268C41A32CC8B2B1006E6D5D /* macos.projectconfig.xcconfig */ = {isa = PBXFileReference; lastKnownFileType = text.xcconfig; path = macos.projectconfig.xcconfig; sourceTree = "<group>"; };
		268C41C22CC8EE0D006E6D5D /* core.framework */ = {isa = PBXFileReference; explicitFileType = wrapper.framework; includeInIndex = 0; path = core.framework; sourceTree = BUILT_PRODUCTS_DIR; };
		268C41F22CC8F096006E6D5D /* data.framework */ = {isa = PBXFileReference; explicitFileType = wrapper.framework; includeInIndex = 0; path = data.framework; sourceTree = BUILT_PRODUCTS_DIR; };
		268C41FF2CC8F0A1006E6D5D /* crypto.framework */ = {isa = PBXFileReference; explicitFileType = wrapper.framework; includeInIndex = 0; path = crypto.framework; sourceTree = BUILT_PRODUCTS_DIR; };
		268C424B2CC92CDE006E6D5D /* stappler_bitmap.xcconfig */ = {isa = PBXFileReference; lastKnownFileType = text.xcconfig; path = stappler_bitmap.xcconfig; sourceTree = "<group>"; };
		268C424C2CC92CDE006E6D5D /* stappler_core.xcconfig */ = {isa = PBXFileReference; lastKnownFileType = text.xcconfig; path = stappler_core.xcconfig; sourceTree = "<group>"; };
		268C424D2CC92CDE006E6D5D /* stappler_crypto.xcconfig */ = {isa = PBXFileReference; lastKnownFileType = text.xcconfig; path = stappler_crypto.xcconfig; sourceTree = "<group>"; };
		268C424E2CC92CDE006E6D5D /* stappler_data.xcconfig */ = {isa = PBXFileReference; lastKnownFileType = text.xcconfig; path = stappler_data.xcconfig; sourceTree = "<group>"; };
		268C424F2CC92CDE006E6D5D /* stappler_db.xcconfig */ = {isa = PBXFileReference; lastKnownFileType = text.xcconfig; path = stappler_db.xcconfig; sourceTree = "<group>"; };
		268C42502CC92CDE006E6D5D /* stappler_font.xcconfig */ = {isa = PBXFileReference; lastKnownFileType = text.xcconfig; path = stappler_font.xcconfig; sourceTree = "<group>"; };
		268C42512CC92CDE006E6D5D /* stappler_geom.xcconfig */ = {isa = PBXFileReference; lastKnownFileType = text.xcconfig; path = stappler_geom.xcconfig; sourceTree = "<group>"; };
		268C42522CC92CDE006E6D5D /* stappler_network.xcconfig */ = {isa = PBXFileReference; lastKnownFileType = text.xcconfig; path = stappler_network.xcconfig; sourceTree = "<group>"; };
		268C42532CC92CDE006E6D5D /* stappler_search.xcconfig */ = {isa = PBXFileReference; lastKnownFileType = text.xcconfig; path = stappler_search.xcconfig; sourceTree = "<group>"; };
		268C42542CC92CDE006E6D5D /* stappler_tess.xcconfig */ = {isa = PBXFileReference; lastKnownFileType = text.xcconfig; path = stappler_tess.xcconfig; sourceTree = "<group>"; };
		268C42552CC92CDE006E6D5D /* stappler_vg.xcconfig */ = {isa = PBXFileReference; lastKnownFileType = text.xcconfig; path = stappler_vg.xcconfig; sourceTree = "<group>"; };
		268C42562CC92CDE006E6D5D /* stappler_wasm.xcconfig */ = {isa = PBXFileReference; lastKnownFileType = text.xcconfig; path = stappler_wasm.xcconfig; sourceTree = "<group>"; };
		268C42572CC92CDE006E6D5D /* stappler_zip.xcconfig */ = {isa = PBXFileReference; lastKnownFileType = text.xcconfig; path = stappler_zip.xcconfig; sourceTree = "<group>"; };
		268C425D2CC93B3D006E6D5D /* bitmap.framework */ = {isa = PBXFileReference; explicitFileType = wrapper.framework; includeInIndex = 0; path = bitmap.framework; sourceTree = BUILT_PRODUCTS_DIR; };
		268C426A2CC93B78006E6D5D /* db.framework */ = {isa = PBXFileReference; explicitFileType = wrapper.framework; includeInIndex = 0; path = db.framework; sourceTree = BUILT_PRODUCTS_DIR; };
		268C42772CC93B8D006E6D5D /* font.framework */ = {isa = PBXFileReference; explicitFileType = wrapper.framework; includeInIndex = 0; path = font.framework; sourceTree = BUILT_PRODUCTS_DIR; };
		268C42842CC93BE0006E6D5D /* geom.framework */ = {isa = PBXFileReference; explicitFileType = wrapper.framework; includeInIndex = 0; path = geom.framework; sourceTree = BUILT_PRODUCTS_DIR; };
		268C42912CC93C01006E6D5D /* network.framework */ = {isa = PBXFileReference; explicitFileType = wrapper.framework; includeInIndex = 0; path = network.framework; sourceTree = BUILT_PRODUCTS_DIR; };
		268C429E2CC93C30006E6D5D /* search.framework */ = {isa = PBXFileReference; explicitFileType = wrapper.framework; includeInIndex = 0; path = search.framework; sourceTree = BUILT_PRODUCTS_DIR; };
		268C42AB2CC93C4A006E6D5D /* tess.framework */ = {isa = PBXFileReference; explicitFileType = wrapper.framework; includeInIndex = 0; path = tess.framework; sourceTree = BUILT_PRODUCTS_DIR; };
		268C42B82CC93C63006E6D5D /* vg.framework */ = {isa = PBXFileReference; explicitFileType = wrapper.framework; includeInIndex = 0; path = vg.framework; sourceTree = BUILT_PRODUCTS_DIR; };
		268C42C52CC93C75006E6D5D /* wasm.framework */ = {isa = PBXFileReference; explicitFileType = wrapper.framework; includeInIndex = 0; path = wasm.framework; sourceTree = BUILT_PRODUCTS_DIR; };
		268C42D22CC93C8C006E6D5D /* zip.framework */ = {isa = PBXFileReference; explicitFileType = wrapper.framework; includeInIndex = 0; path = zip.framework; sourceTree = BUILT_PRODUCTS_DIR; };
/* End PBXFileReference section */

/* Begin PBXFileSystemSynchronizedBuildFileExceptionSet section */
		26130EF02CD3A3B6008E4213 /* Exceptions for "bitmap" folder in "bitmap" target */ = {
			isa = PBXFileSystemSynchronizedBuildFileExceptionSet;
			membershipExceptions = (
				SPBitmap.scu.cpp,
			);
			target = 268C425C2CC93B3D006E6D5D /* bitmap */;
		};
		26130EF22CD3A3C4008E4213 /* Exceptions for "core" folder in "core" target */ = {
			isa = PBXFileSystemSynchronizedBuildFileExceptionSet;
			membershipExceptions = (
				SPCore.scu.cpp,
			);
			target = 268C41C12CC8EE0D006E6D5D /* core */;
		};
		26130EF42CD3A3E0008E4213 /* Exceptions for "filesystem" folder in "core" target */ = {
			isa = PBXFileSystemSynchronizedBuildFileExceptionSet;
			membershipExceptions = (
				"platform/SPFilesystem-mac.mm",
				SPFilesystem.scu.cpp,
			);
			target = 268C41C12CC8EE0D006E6D5D /* core */;
		};
		26130EF72CD3A3F0008E4213 /* Exceptions for "idn" folder in "core" target */ = {
			isa = PBXFileSystemSynchronizedBuildFileExceptionSet;
			membershipExceptions = (
				SPIdn.scu.cpp,
			);
			target = 268C41C12CC8EE0D006E6D5D /* core */;
		};
		26130EF92CD3A3FF008E4213 /* Exceptions for "threads" folder in "core" target */ = {
			isa = PBXFileSystemSynchronizedBuildFileExceptionSet;
			membershipExceptions = (
				SPThreads.scu.cpp,
			);
			target = 268C41C12CC8EE0D006E6D5D /* core */;
		};
		26130EFB2CD3A410008E4213 /* Exceptions for "crypto" folder in "crypto" target */ = {
			isa = PBXFileSystemSynchronizedBuildFileExceptionSet;
			membershipExceptions = (
				SPCrypto.scu.cpp,
			);
			target = 268C41FE2CC8F0A1006E6D5D /* crypto */;
		};
		26130EFD2CD3A424008E4213 /* Exceptions for "data" folder in "data" target */ = {
			isa = PBXFileSystemSynchronizedBuildFileExceptionSet;
			membershipExceptions = (
				SPData.scu.cpp,
				thirdparty/lz4/lib/lz4.c,
			);
			target = 268C41F12CC8F096006E6D5D /* data */;
		};
		26130F002CD3A435008E4213 /* Exceptions for "db" folder in "db" target */ = {
			isa = PBXFileSystemSynchronizedBuildFileExceptionSet;
			membershipExceptions = (
				SPDb.scu.cpp,
			);
			target = 268C42692CC93B78006E6D5D /* db */;
		};
		26130F022CD3A448008E4213 /* Exceptions for "font" folder in "font" target */ = {
			isa = PBXFileSystemSynchronizedBuildFileExceptionSet;
			membershipExceptions = (
				SPFont.scu.cpp,
				thirdparty/hyphen/hyphen.c,
			);
			target = 268C42762CC93B8D006E6D5D /* font */;
		};
		26130F052CD3A47A008E4213 /* Exceptions for "geom" folder in "geom" target */ = {
			isa = PBXFileSystemSynchronizedBuildFileExceptionSet;
			membershipExceptions = (
				SPGeom.scu.cpp,
			);
			target = 268C42832CC93BE0006E6D5D /* geom */;
		};
		26130F072CD3A482008E4213 /* Exceptions for "network" folder in "network" target */ = {
			isa = PBXFileSystemSynchronizedBuildFileExceptionSet;
			membershipExceptions = (
				SPNetwork.scu.cpp,
			);
			target = 268C42902CC93C01006E6D5D /* network */;
		};
		26130F092CD3A48B008E4213 /* Exceptions for "search" folder in "search" target */ = {
			isa = PBXFileSystemSynchronizedBuildFileExceptionSet;
			membershipExceptions = (
				SPSearch.scu.cpp,
				thirdparty/snowball/SPSnowballStemmer.c,
			);
			target = 268C429D2CC93C30006E6D5D /* search */;
		};
		26130F0C2CD3A49D008E4213 /* Exceptions for "tess" folder in "tess" target */ = {
			isa = PBXFileSystemSynchronizedBuildFileExceptionSet;
			membershipExceptions = (
				SPTess.scu.cpp,
			);
			target = 268C42AA2CC93C4A006E6D5D /* tess */;
		};
		26130F0E2CD3A4A3008E4213 /* Exceptions for "sql" folder in "db" target */ = {
			isa = PBXFileSystemSynchronizedBuildFileExceptionSet;
			membershipExceptions = (
				SPSql.scu.cpp,
			);
			target = 268C42692CC93B78006E6D5D /* db */;
		};
		26130F102CD3A4B3008E4213 /* Exceptions for "vg" folder in "vg" target */ = {
			isa = PBXFileSystemSynchronizedBuildFileExceptionSet;
			membershipExceptions = (
				SPVg.cpp,
			);
			target = 268C42B72CC93C63006E6D5D /* vg */;
		};
		26130F122CD3A4BE008E4213 /* Exceptions for "wasm" folder in "wasm" target */ = {
			isa = PBXFileSystemSynchronizedBuildFileExceptionSet;
			membershipExceptions = (
				exports/SPWasm.scu.cpp,
			);
			target = 268C42C42CC93C75006E6D5D /* wasm */;
		};
		26130F142CD3A4CB008E4213 /* Exceptions for "zip" folder in "zip" target */ = {
			isa = PBXFileSystemSynchronizedBuildFileExceptionSet;
			membershipExceptions = (
				SPZip.cpp,
			);
			target = 268C42D12CC93C8C006E6D5D /* zip */;
		};
/* End PBXFileSystemSynchronizedBuildFileExceptionSet section */

/* Begin PBXFileSystemSynchronizedRootGroup section */
		26130D442CD3A390008E4213 /* bitmap */ = {
			isa = PBXFileSystemSynchronizedRootGroup;
			exceptions = (
				26130EF02CD3A3B6008E4213 /* Exceptions for "bitmap" folder in "bitmap" target */,
			);
			name = bitmap;
			path = ../bitmap;
			sourceTree = SOURCE_ROOT;
		};
		26130DA52CD3A390008E4213 /* core */ = {
			isa = PBXFileSystemSynchronizedRootGroup;
			exceptions = (
				26130EF22CD3A3C4008E4213 /* Exceptions for "core" folder in "core" target */,
			);
			name = core;
			path = ../core;
			sourceTree = SOURCE_ROOT;
		};
		26130DB92CD3A390008E4213 /* crypto */ = {
			isa = PBXFileSystemSynchronizedRootGroup;
			exceptions = (
				26130EFB2CD3A410008E4213 /* Exceptions for "crypto" folder in "crypto" target */,
			);
			name = crypto;
			path = ../crypto;
			sourceTree = SOURCE_ROOT;
		};
		26130DD42CD3A390008E4213 /* data */ = {
			isa = PBXFileSystemSynchronizedRootGroup;
			exceptions = (
				26130EFD2CD3A424008E4213 /* Exceptions for "data" folder in "data" target */,
			);
			name = data;
			path = ../data;
			sourceTree = SOURCE_ROOT;
		};
		26130E0E2CD3A390008E4213 /* db */ = {
			isa = PBXFileSystemSynchronizedRootGroup;
			exceptions = (
				26130F002CD3A435008E4213 /* Exceptions for "db" folder in "db" target */,
			);
			name = db;
			path = ../db;
			sourceTree = SOURCE_ROOT;
		};
		26130E1E2CD3A390008E4213 /* filesystem */ = {
			isa = PBXFileSystemSynchronizedRootGroup;
			exceptions = (
				26130EF42CD3A3E0008E4213 /* Exceptions for "filesystem" folder in "core" target */,
			);
			name = filesystem;
			path = ../filesystem;
			sourceTree = SOURCE_ROOT;
		};
		26130E3E2CD3A390008E4213 /* font */ = {
			isa = PBXFileSystemSynchronizedRootGroup;
			exceptions = (
				26130F022CD3A448008E4213 /* Exceptions for "font" folder in "font" target */,
			);
			name = font;
			path = ../font;
			sourceTree = SOURCE_ROOT;
		};
		26130E5B2CD3A390008E4213 /* geom */ = {
			isa = PBXFileSystemSynchronizedRootGroup;
			exceptions = (
				26130F052CD3A47A008E4213 /* Exceptions for "geom" folder in "geom" target */,
			);
			name = geom;
			path = ../geom;
			sourceTree = SOURCE_ROOT;
		};
		26130E622CD3A390008E4213 /* idn */ = {
			isa = PBXFileSystemSynchronizedRootGroup;
			exceptions = (
				26130EF72CD3A3F0008E4213 /* Exceptions for "idn" folder in "core" target */,
			);
			name = idn;
			path = ../idn;
			sourceTree = SOURCE_ROOT;
		};
		26130E6C2CD3A390008E4213 /* network */ = {
			isa = PBXFileSystemSynchronizedRootGroup;
			exceptions = (
				26130F072CD3A482008E4213 /* Exceptions for "network" folder in "network" target */,
			);
			name = network;
			path = ../network;
			sourceTree = SOURCE_ROOT;
		};
		26130E982CD3A390008E4213 /* search */ = {
			isa = PBXFileSystemSynchronizedRootGroup;
			exceptions = (
				26130F092CD3A48B008E4213 /* Exceptions for "search" folder in "search" target */,
			);
			name = search;
			path = ../search;
			sourceTree = SOURCE_ROOT;
		};
		26130EA12CD3A390008E4213 /* sql */ = {
			isa = PBXFileSystemSynchronizedRootGroup;
			exceptions = (
				26130F0E2CD3A4A3008E4213 /* Exceptions for "sql" folder in "db" target */,
			);
			name = sql;
			path = ../sql;
			sourceTree = SOURCE_ROOT;
		};
		26130EAB2CD3A390008E4213 /* tess */ = {
			isa = PBXFileSystemSynchronizedRootGroup;
			exceptions = (
				26130F0C2CD3A49D008E4213 /* Exceptions for "tess" folder in "tess" target */,
			);
			name = tess;
			path = ../tess;
			sourceTree = SOURCE_ROOT;
		};
		26130EC82CD3A390008E4213 /* thirdparty */ = {
			isa = PBXFileSystemSynchronizedRootGroup;
			name = thirdparty;
			path = ../thirdparty;
			sourceTree = SOURCE_ROOT;
		};
		26130ED42CD3A390008E4213 /* threads */ = {
			isa = PBXFileSystemSynchronizedRootGroup;
			exceptions = (
				26130EF92CD3A3FF008E4213 /* Exceptions for "threads" folder in "core" target */,
			);
			name = threads;
			path = ../threads;
			sourceTree = SOURCE_ROOT;
		};
		26130EDF2CD3A390008E4213 /* vg */ = {
			isa = PBXFileSystemSynchronizedRootGroup;
			exceptions = (
				26130F102CD3A4B3008E4213 /* Exceptions for "vg" folder in "vg" target */,
			);
			name = vg;
			path = ../vg;
			sourceTree = SOURCE_ROOT;
		};
		26130EEA2CD3A390008E4213 /* wasm */ = {
			isa = PBXFileSystemSynchronizedRootGroup;
			exceptions = (
				26130F122CD3A4BE008E4213 /* Exceptions for "wasm" folder in "wasm" target */,
			);
			name = wasm;
			path = ../wasm;
			sourceTree = SOURCE_ROOT;
		};
		26130EEE2CD3A390008E4213 /* zip */ = {
			isa = PBXFileSystemSynchronizedRootGroup;
			exceptions = (
				26130F142CD3A4CB008E4213 /* Exceptions for "zip" folder in "zip" target */,
			);
			name = zip;
			path = ../zip;
			sourceTree = SOURCE_ROOT;
		};
/* End PBXFileSystemSynchronizedRootGroup section */

/* Begin PBXFrameworksBuildPhase section */
		268C41BF2CC8EE0D006E6D5D /* Frameworks */ = {
			isa = PBXFrameworksBuildPhase;
			buildActionMask = 2147483647;
			files = (
			);
			runOnlyForDeploymentPostprocessing = 0;
		};
		268C41EF2CC8F096006E6D5D /* Frameworks */ = {
			isa = PBXFrameworksBuildPhase;
			buildActionMask = 2147483647;
			files = (
			);
			runOnlyForDeploymentPostprocessing = 0;
		};
		268C41FC2CC8F0A1006E6D5D /* Frameworks */ = {
			isa = PBXFrameworksBuildPhase;
			buildActionMask = 2147483647;
			files = (
			);
			runOnlyForDeploymentPostprocessing = 0;
		};
		268C425A2CC93B3D006E6D5D /* Frameworks */ = {
			isa = PBXFrameworksBuildPhase;
			buildActionMask = 2147483647;
			files = (
			);
			runOnlyForDeploymentPostprocessing = 0;
		};
		268C42672CC93B78006E6D5D /* Frameworks */ = {
			isa = PBXFrameworksBuildPhase;
			buildActionMask = 2147483647;
			files = (
			);
			runOnlyForDeploymentPostprocessing = 0;
		};
		268C42742CC93B8D006E6D5D /* Frameworks */ = {
			isa = PBXFrameworksBuildPhase;
			buildActionMask = 2147483647;
			files = (
			);
			runOnlyForDeploymentPostprocessing = 0;
		};
		268C42812CC93BE0006E6D5D /* Frameworks */ = {
			isa = PBXFrameworksBuildPhase;
			buildActionMask = 2147483647;
			files = (
			);
			runOnlyForDeploymentPostprocessing = 0;
		};
		268C428E2CC93C01006E6D5D /* Frameworks */ = {
			isa = PBXFrameworksBuildPhase;
			buildActionMask = 2147483647;
			files = (
			);
			runOnlyForDeploymentPostprocessing = 0;
		};
		268C429B2CC93C30006E6D5D /* Frameworks */ = {
			isa = PBXFrameworksBuildPhase;
			buildActionMask = 2147483647;
			files = (
			);
			runOnlyForDeploymentPostprocessing = 0;
		};
		268C42A82CC93C4A006E6D5D /* Frameworks */ = {
			isa = PBXFrameworksBuildPhase;
			buildActionMask = 2147483647;
			files = (
			);
			runOnlyForDeploymentPostprocessing = 0;
		};
		268C42B52CC93C63006E6D5D /* Frameworks */ = {
			isa = PBXFrameworksBuildPhase;
			buildActionMask = 2147483647;
			files = (
			);
			runOnlyForDeploymentPostprocessing = 0;
		};
		268C42C22CC93C75006E6D5D /* Frameworks */ = {
			isa = PBXFrameworksBuildPhase;
			buildActionMask = 2147483647;
			files = (
			);
			runOnlyForDeploymentPostprocessing = 0;
		};
		268C42CF2CC93C8C006E6D5D /* Frameworks */ = {
			isa = PBXFrameworksBuildPhase;
			buildActionMask = 2147483647;
			files = (
			);
			runOnlyForDeploymentPostprocessing = 0;
		};
/* End PBXFrameworksBuildPhase section */

/* Begin PBXGroup section */
		2670DFEB2CC5766A00B3A76A = {
			isa = PBXGroup;
			children = (
				268C41A32CC8B2B1006E6D5D /* macos.projectconfig.xcconfig */,
				268C424B2CC92CDE006E6D5D /* stappler_bitmap.xcconfig */,
				268C424C2CC92CDE006E6D5D /* stappler_core.xcconfig */,
				268C424D2CC92CDE006E6D5D /* stappler_crypto.xcconfig */,
				268C424E2CC92CDE006E6D5D /* stappler_data.xcconfig */,
				268C424F2CC92CDE006E6D5D /* stappler_db.xcconfig */,
				268C42502CC92CDE006E6D5D /* stappler_font.xcconfig */,
				268C42512CC92CDE006E6D5D /* stappler_geom.xcconfig */,
				268C42522CC92CDE006E6D5D /* stappler_network.xcconfig */,
				268C42532CC92CDE006E6D5D /* stappler_search.xcconfig */,
				268C42542CC92CDE006E6D5D /* stappler_tess.xcconfig */,
				268C42552CC92CDE006E6D5D /* stappler_vg.xcconfig */,
				268C42562CC92CDE006E6D5D /* stappler_wasm.xcconfig */,
				268C42572CC92CDE006E6D5D /* stappler_zip.xcconfig */,
				26130D442CD3A390008E4213 /* bitmap */,
				26130DA52CD3A390008E4213 /* core */,
				26130DB92CD3A390008E4213 /* crypto */,
				26130DD42CD3A390008E4213 /* data */,
				26130E0E2CD3A390008E4213 /* db */,
				26130E1E2CD3A390008E4213 /* filesystem */,
				26130E3E2CD3A390008E4213 /* font */,
				26130E5B2CD3A390008E4213 /* geom */,
				26130E622CD3A390008E4213 /* idn */,
				26130E6C2CD3A390008E4213 /* network */,
				26130E982CD3A390008E4213 /* search */,
				26130EA12CD3A390008E4213 /* sql */,
				26130EAB2CD3A390008E4213 /* tess */,
				26130EC82CD3A390008E4213 /* thirdparty */,
				26130ED42CD3A390008E4213 /* threads */,
				26130EDF2CD3A390008E4213 /* vg */,
				26130EEA2CD3A390008E4213 /* wasm */,
				26130EEE2CD3A390008E4213 /* zip */,
				2670DFF62CC5766A00B3A76A /* Products */,
				2670E1C92CC5772500B3A76A /* backtrace.mk */,
				2670E1CB2CC5772500B3A76A /* Makefile */,
				2670E1CC2CC5772500B3A76A /* stappler-modules.mk */,
				2670E2102CC581E200B3A76A /* Frameworks */,
			);
			sourceTree = "<group>";
		};
		2670DFF62CC5766A00B3A76A /* Products */ = {
			isa = PBXGroup;
			children = (
				268C41C22CC8EE0D006E6D5D /* core.framework */,
				268C41F22CC8F096006E6D5D /* data.framework */,
				268C41FF2CC8F0A1006E6D5D /* crypto.framework */,
				268C425D2CC93B3D006E6D5D /* bitmap.framework */,
				268C426A2CC93B78006E6D5D /* db.framework */,
				268C42772CC93B8D006E6D5D /* font.framework */,
				268C42842CC93BE0006E6D5D /* geom.framework */,
				268C42912CC93C01006E6D5D /* network.framework */,
				268C429E2CC93C30006E6D5D /* search.framework */,
				268C42AB2CC93C4A006E6D5D /* tess.framework */,
				268C42B82CC93C63006E6D5D /* vg.framework */,
				268C42C52CC93C75006E6D5D /* wasm.framework */,
				268C42D22CC93C8C006E6D5D /* zip.framework */,
			);
			name = Products;
			sourceTree = "<group>";
		};
		2670E2102CC581E200B3A76A /* Frameworks */ = {
			isa = PBXGroup;
			children = (
			);
			name = Frameworks;
			sourceTree = "<group>";
		};
/* End PBXGroup section */

/* Begin PBXHeadersBuildPhase section */
		268C41BD2CC8EE0D006E6D5D /* Headers */ = {
			isa = PBXHeadersBuildPhase;
			buildActionMask = 2147483647;
			files = (
			);
			runOnlyForDeploymentPostprocessing = 0;
		};
		268C41ED2CC8F096006E6D5D /* Headers */ = {
			isa = PBXHeadersBuildPhase;
			buildActionMask = 2147483647;
			files = (
			);
			runOnlyForDeploymentPostprocessing = 0;
		};
		268C41FA2CC8F0A1006E6D5D /* Headers */ = {
			isa = PBXHeadersBuildPhase;
			buildActionMask = 2147483647;
			files = (
			);
			runOnlyForDeploymentPostprocessing = 0;
		};
		268C42582CC93B3D006E6D5D /* Headers */ = {
			isa = PBXHeadersBuildPhase;
			buildActionMask = 2147483647;
			files = (
			);
			runOnlyForDeploymentPostprocessing = 0;
		};
		268C42652CC93B78006E6D5D /* Headers */ = {
			isa = PBXHeadersBuildPhase;
			buildActionMask = 2147483647;
			files = (
			);
			runOnlyForDeploymentPostprocessing = 0;
		};
		268C42722CC93B8D006E6D5D /* Headers */ = {
			isa = PBXHeadersBuildPhase;
			buildActionMask = 2147483647;
			files = (
			);
			runOnlyForDeploymentPostprocessing = 0;
		};
		268C427F2CC93BE0006E6D5D /* Headers */ = {
			isa = PBXHeadersBuildPhase;
			buildActionMask = 2147483647;
			files = (
			);
			runOnlyForDeploymentPostprocessing = 0;
		};
		268C428C2CC93C01006E6D5D /* Headers */ = {
			isa = PBXHeadersBuildPhase;
			buildActionMask = 2147483647;
			files = (
			);
			runOnlyForDeploymentPostprocessing = 0;
		};
		268C42992CC93C30006E6D5D /* Headers */ = {
			isa = PBXHeadersBuildPhase;
			buildActionMask = 2147483647;
			files = (
			);
			runOnlyForDeploymentPostprocessing = 0;
		};
		268C42A62CC93C4A006E6D5D /* Headers */ = {
			isa = PBXHeadersBuildPhase;
			buildActionMask = 2147483647;
			files = (
			);
			runOnlyForDeploymentPostprocessing = 0;
		};
		268C42B32CC93C63006E6D5D /* Headers */ = {
			isa = PBXHeadersBuildPhase;
			buildActionMask = 2147483647;
			files = (
			);
			runOnlyForDeploymentPostprocessing = 0;
		};
		268C42C02CC93C75006E6D5D /* Headers */ = {
			isa = PBXHeadersBuildPhase;
			buildActionMask = 2147483647;
			files = (
			);
			runOnlyForDeploymentPostprocessing = 0;
		};
		268C42CD2CC93C8C006E6D5D /* Headers */ = {
			isa = PBXHeadersBuildPhase;
			buildActionMask = 2147483647;
			files = (
			);
			runOnlyForDeploymentPostprocessing = 0;
		};
/* End PBXHeadersBuildPhase section */

/* Begin PBXNativeTarget section */
		268C41C12CC8EE0D006E6D5D /* core */ = {
			isa = PBXNativeTarget;
			buildConfigurationList = 268C41C72CC8EE0D006E6D5D /* Build configuration list for PBXNativeTarget "core" */;
			buildPhases = (
				268C41BD2CC8EE0D006E6D5D /* Headers */,
				268C41BE2CC8EE0D006E6D5D /* Sources */,
				268C41BF2CC8EE0D006E6D5D /* Frameworks */,
				268C41C02CC8EE0D006E6D5D /* Resources */,
			);
			buildRules = (
			);
			dependencies = (
			);
			name = core;
			packageProductDependencies = (
			);
			productName = core;
			productReference = 268C41C22CC8EE0D006E6D5D /* core.framework */;
			productType = "com.apple.product-type.framework";
		};
		268C41F12CC8F096006E6D5D /* data */ = {
			isa = PBXNativeTarget;
			buildConfigurationList = 268C41F72CC8F097006E6D5D /* Build configuration list for PBXNativeTarget "data" */;
			buildPhases = (
				268C41ED2CC8F096006E6D5D /* Headers */,
				268C41EE2CC8F096006E6D5D /* Sources */,
				268C41EF2CC8F096006E6D5D /* Frameworks */,
				268C41F02CC8F096006E6D5D /* Resources */,
			);
			buildRules = (
			);
			dependencies = (
			);
			name = data;
			packageProductDependencies = (
			);
			productName = data;
			productReference = 268C41F22CC8F096006E6D5D /* data.framework */;
			productType = "com.apple.product-type.framework";
		};
		268C41FE2CC8F0A1006E6D5D /* crypto */ = {
			isa = PBXNativeTarget;
			buildConfigurationList = 268C42042CC8F0A1006E6D5D /* Build configuration list for PBXNativeTarget "crypto" */;
			buildPhases = (
				268C41FA2CC8F0A1006E6D5D /* Headers */,
				268C41FB2CC8F0A1006E6D5D /* Sources */,
				268C41FC2CC8F0A1006E6D5D /* Frameworks */,
				268C41FD2CC8F0A1006E6D5D /* Resources */,
			);
			buildRules = (
			);
			dependencies = (
			);
			name = crypto;
			packageProductDependencies = (
			);
			productName = crypto;
			productReference = 268C41FF2CC8F0A1006E6D5D /* crypto.framework */;
			productType = "com.apple.product-type.framework";
		};
		268C425C2CC93B3D006E6D5D /* bitmap */ = {
			isa = PBXNativeTarget;
			buildConfigurationList = 268C42622CC93B3D006E6D5D /* Build configuration list for PBXNativeTarget "bitmap" */;
			buildPhases = (
				268C42582CC93B3D006E6D5D /* Headers */,
				268C42592CC93B3D006E6D5D /* Sources */,
				268C425A2CC93B3D006E6D5D /* Frameworks */,
				268C425B2CC93B3D006E6D5D /* Resources */,
			);
			buildRules = (
			);
			dependencies = (
			);
			name = bitmap;
			packageProductDependencies = (
			);
			productName = bitmap;
			productReference = 268C425D2CC93B3D006E6D5D /* bitmap.framework */;
			productType = "com.apple.product-type.framework";
		};
		268C42692CC93B78006E6D5D /* db */ = {
			isa = PBXNativeTarget;
			buildConfigurationList = 268C426F2CC93B78006E6D5D /* Build configuration list for PBXNativeTarget "db" */;
			buildPhases = (
				268C42652CC93B78006E6D5D /* Headers */,
				268C42662CC93B78006E6D5D /* Sources */,
				268C42672CC93B78006E6D5D /* Frameworks */,
				268C42682CC93B78006E6D5D /* Resources */,
			);
			buildRules = (
			);
			dependencies = (
			);
			name = db;
			packageProductDependencies = (
			);
			productName = db;
			productReference = 268C426A2CC93B78006E6D5D /* db.framework */;
			productType = "com.apple.product-type.framework";
		};
		268C42762CC93B8D006E6D5D /* font */ = {
			isa = PBXNativeTarget;
			buildConfigurationList = 268C427C2CC93B8D006E6D5D /* Build configuration list for PBXNativeTarget "font" */;
			buildPhases = (
				268C42722CC93B8D006E6D5D /* Headers */,
				268C42732CC93B8D006E6D5D /* Sources */,
				268C42742CC93B8D006E6D5D /* Frameworks */,
				268C42752CC93B8D006E6D5D /* Resources */,
			);
			buildRules = (
			);
			dependencies = (
			);
			name = font;
			packageProductDependencies = (
			);
			productName = font;
			productReference = 268C42772CC93B8D006E6D5D /* font.framework */;
			productType = "com.apple.product-type.framework";
		};
		268C42832CC93BE0006E6D5D /* geom */ = {
			isa = PBXNativeTarget;
			buildConfigurationList = 268C42892CC93BE0006E6D5D /* Build configuration list for PBXNativeTarget "geom" */;
			buildPhases = (
				268C427F2CC93BE0006E6D5D /* Headers */,
				268C42802CC93BE0006E6D5D /* Sources */,
				268C42812CC93BE0006E6D5D /* Frameworks */,
				268C42822CC93BE0006E6D5D /* Resources */,
			);
			buildRules = (
			);
			dependencies = (
			);
			name = geom;
			packageProductDependencies = (
			);
			productName = geom;
			productReference = 268C42842CC93BE0006E6D5D /* geom.framework */;
			productType = "com.apple.product-type.framework";
		};
		268C42902CC93C01006E6D5D /* network */ = {
			isa = PBXNativeTarget;
			buildConfigurationList = 268C42962CC93C02006E6D5D /* Build configuration list for PBXNativeTarget "network" */;
			buildPhases = (
				268C428C2CC93C01006E6D5D /* Headers */,
				268C428D2CC93C01006E6D5D /* Sources */,
				268C428E2CC93C01006E6D5D /* Frameworks */,
				268C428F2CC93C01006E6D5D /* Resources */,
			);
			buildRules = (
			);
			dependencies = (
			);
			name = network;
			packageProductDependencies = (
			);
			productName = network;
			productReference = 268C42912CC93C01006E6D5D /* network.framework */;
			productType = "com.apple.product-type.framework";
		};
		268C429D2CC93C30006E6D5D /* search */ = {
			isa = PBXNativeTarget;
			buildConfigurationList = 268C42A32CC93C30006E6D5D /* Build configuration list for PBXNativeTarget "search" */;
			buildPhases = (
				268C42992CC93C30006E6D5D /* Headers */,
				268C429A2CC93C30006E6D5D /* Sources */,
				268C429B2CC93C30006E6D5D /* Frameworks */,
				268C429C2CC93C30006E6D5D /* Resources */,
			);
			buildRules = (
			);
			dependencies = (
			);
			name = search;
			packageProductDependencies = (
			);
			productName = search;
			productReference = 268C429E2CC93C30006E6D5D /* search.framework */;
			productType = "com.apple.product-type.framework";
		};
		268C42AA2CC93C4A006E6D5D /* tess */ = {
			isa = PBXNativeTarget;
			buildConfigurationList = 268C42B02CC93C4A006E6D5D /* Build configuration list for PBXNativeTarget "tess" */;
			buildPhases = (
				268C42A62CC93C4A006E6D5D /* Headers */,
				268C42A72CC93C4A006E6D5D /* Sources */,
				268C42A82CC93C4A006E6D5D /* Frameworks */,
				268C42A92CC93C4A006E6D5D /* Resources */,
			);
			buildRules = (
			);
			dependencies = (
			);
			name = tess;
			packageProductDependencies = (
			);
			productName = tess;
			productReference = 268C42AB2CC93C4A006E6D5D /* tess.framework */;
			productType = "com.apple.product-type.framework";
		};
		268C42B72CC93C63006E6D5D /* vg */ = {
			isa = PBXNativeTarget;
			buildConfigurationList = 268C42BD2CC93C63006E6D5D /* Build configuration list for PBXNativeTarget "vg" */;
			buildPhases = (
				268C42B32CC93C63006E6D5D /* Headers */,
				268C42B42CC93C63006E6D5D /* Sources */,
				268C42B52CC93C63006E6D5D /* Frameworks */,
				268C42B62CC93C63006E6D5D /* Resources */,
			);
			buildRules = (
			);
			dependencies = (
			);
			name = vg;
			packageProductDependencies = (
			);
			productName = vg;
			productReference = 268C42B82CC93C63006E6D5D /* vg.framework */;
			productType = "com.apple.product-type.framework";
		};
		268C42C42CC93C75006E6D5D /* wasm */ = {
			isa = PBXNativeTarget;
			buildConfigurationList = 268C42CA2CC93C75006E6D5D /* Build configuration list for PBXNativeTarget "wasm" */;
			buildPhases = (
				268C42C02CC93C75006E6D5D /* Headers */,
				268C42C12CC93C75006E6D5D /* Sources */,
				268C42C22CC93C75006E6D5D /* Frameworks */,
				268C42C32CC93C75006E6D5D /* Resources */,
			);
			buildRules = (
			);
			dependencies = (
			);
			name = wasm;
			packageProductDependencies = (
			);
			productName = wasm;
			productReference = 268C42C52CC93C75006E6D5D /* wasm.framework */;
			productType = "com.apple.product-type.framework";
		};
		268C42D12CC93C8C006E6D5D /* zip */ = {
			isa = PBXNativeTarget;
			buildConfigurationList = 268C42D72CC93C8C006E6D5D /* Build configuration list for PBXNativeTarget "zip" */;
			buildPhases = (
				268C42CD2CC93C8C006E6D5D /* Headers */,
				268C42CE2CC93C8C006E6D5D /* Sources */,
				268C42CF2CC93C8C006E6D5D /* Frameworks */,
				268C42D02CC93C8C006E6D5D /* Resources */,
			);
			buildRules = (
			);
			dependencies = (
			);
			name = zip;
			packageProductDependencies = (
			);
			productName = zip;
			productReference = 268C42D22CC93C8C006E6D5D /* zip.framework */;
			productType = "com.apple.product-type.framework";
		};
/* End PBXNativeTarget section */

/* Begin PBXProject section */
		2670DFEC2CC5766A00B3A76A /* Project object */ = {
			isa = PBXProject;
			attributes = {
				BuildIndependentTargetsInParallel = 1;
				LastUpgradeCheck = 1610;
				TargetAttributes = {
					268C41C12CC8EE0D006E6D5D = {
						CreatedOnToolsVersion = 16.0;
					};
					268C41F12CC8F096006E6D5D = {
						CreatedOnToolsVersion = 16.0;
					};
					268C41FE2CC8F0A1006E6D5D = {
						CreatedOnToolsVersion = 16.0;
					};
					268C425C2CC93B3D006E6D5D = {
						CreatedOnToolsVersion = 16.0;
					};
					268C42692CC93B78006E6D5D = {
						CreatedOnToolsVersion = 16.0;
					};
					268C42762CC93B8D006E6D5D = {
						CreatedOnToolsVersion = 16.0;
					};
					268C42832CC93BE0006E6D5D = {
						CreatedOnToolsVersion = 16.0;
					};
					268C42902CC93C01006E6D5D = {
						CreatedOnToolsVersion = 16.0;
					};
					268C429D2CC93C30006E6D5D = {
						CreatedOnToolsVersion = 16.0;
					};
					268C42AA2CC93C4A006E6D5D = {
						CreatedOnToolsVersion = 16.0;
					};
					268C42B72CC93C63006E6D5D = {
						CreatedOnToolsVersion = 16.0;
					};
					268C42C42CC93C75006E6D5D = {
						CreatedOnToolsVersion = 16.0;
					};
					268C42D12CC93C8C006E6D5D = {
						CreatedOnToolsVersion = 16.0;
					};
					268C47062CCA31A8006E6D5D = {
						CreatedOnToolsVersion = 16.0;
					};
				};
			};
			buildConfigurationList = 2670DFEF2CC5766A00B3A76A /* Build configuration list for PBXProject "core" */;
			developmentRegion = en;
			hasScannedForEncodings = 0;
			knownRegions = (
				en,
				Base,
			);
			mainGroup = 2670DFEB2CC5766A00B3A76A;
			minimizedProjectReferenceProxies = 1;
			preferredProjectObjectVersion = 77;
			productRefGroup = 2670DFF62CC5766A00B3A76A /* Products */;
			projectDirPath = "";
			projectRoot = "";
			targets = (
				268C425C2CC93B3D006E6D5D /* bitmap */,
				268C41C12CC8EE0D006E6D5D /* core */,
				268C41FE2CC8F0A1006E6D5D /* crypto */,
				268C41F12CC8F096006E6D5D /* data */,
				268C42692CC93B78006E6D5D /* db */,
				268C42762CC93B8D006E6D5D /* font */,
				268C42832CC93BE0006E6D5D /* geom */,
				268C42902CC93C01006E6D5D /* network */,
				268C429D2CC93C30006E6D5D /* search */,
				268C42AA2CC93C4A006E6D5D /* tess */,
				268C42B72CC93C63006E6D5D /* vg */,
				268C42C42CC93C75006E6D5D /* wasm */,
				268C42D12CC93C8C006E6D5D /* zip */,
				268C47062CCA31A8006E6D5D /* libstappler-core */,
			);
		};
/* End PBXProject section */

/* Begin PBXResourcesBuildPhase section */
		268C41C02CC8EE0D006E6D5D /* Resources */ = {
			isa = PBXResourcesBuildPhase;
			buildActionMask = 2147483647;
			files = (
			);
			runOnlyForDeploymentPostprocessing = 0;
		};
		268C41F02CC8F096006E6D5D /* Resources */ = {
			isa = PBXResourcesBuildPhase;
			buildActionMask = 2147483647;
			files = (
			);
			runOnlyForDeploymentPostprocessing = 0;
		};
		268C41FD2CC8F0A1006E6D5D /* Resources */ = {
			isa = PBXResourcesBuildPhase;
			buildActionMask = 2147483647;
			files = (
			);
			runOnlyForDeploymentPostprocessing = 0;
		};
		268C425B2CC93B3D006E6D5D /* Resources */ = {
			isa = PBXResourcesBuildPhase;
			buildActionMask = 2147483647;
			files = (
			);
			runOnlyForDeploymentPostprocessing = 0;
		};
		268C42682CC93B78006E6D5D /* Resources */ = {
			isa = PBXResourcesBuildPhase;
			buildActionMask = 2147483647;
			files = (
			);
			runOnlyForDeploymentPostprocessing = 0;
		};
		268C42752CC93B8D006E6D5D /* Resources */ = {
			isa = PBXResourcesBuildPhase;
			buildActionMask = 2147483647;
			files = (
			);
			runOnlyForDeploymentPostprocessing = 0;
		};
		268C42822CC93BE0006E6D5D /* Resources */ = {
			isa = PBXResourcesBuildPhase;
			buildActionMask = 2147483647;
			files = (
			);
			runOnlyForDeploymentPostprocessing = 0;
		};
		268C428F2CC93C01006E6D5D /* Resources */ = {
			isa = PBXResourcesBuildPhase;
			buildActionMask = 2147483647;
			files = (
			);
			runOnlyForDeploymentPostprocessing = 0;
		};
		268C429C2CC93C30006E6D5D /* Resources */ = {
			isa = PBXResourcesBuildPhase;
			buildActionMask = 2147483647;
			files = (
			);
			runOnlyForDeploymentPostprocessing = 0;
		};
		268C42A92CC93C4A006E6D5D /* Resources */ = {
			isa = PBXResourcesBuildPhase;
			buildActionMask = 2147483647;
			files = (
			);
			runOnlyForDeploymentPostprocessing = 0;
		};
		268C42B62CC93C63006E6D5D /* Resources */ = {
			isa = PBXResourcesBuildPhase;
			buildActionMask = 2147483647;
			files = (
			);
			runOnlyForDeploymentPostprocessing = 0;
		};
		268C42C32CC93C75006E6D5D /* Resources */ = {
			isa = PBXResourcesBuildPhase;
			buildActionMask = 2147483647;
			files = (
			);
			runOnlyForDeploymentPostprocessing = 0;
		};
		268C42D02CC93C8C006E6D5D /* Resources */ = {
			isa = PBXResourcesBuildPhase;
			buildActionMask = 2147483647;
			files = (
			);
			runOnlyForDeploymentPostprocessing = 0;
		};
/* End PBXResourcesBuildPhase section */

/* Begin PBXSourcesBuildPhase section */
		268C41BE2CC8EE0D006E6D5D /* Sources */ = {
			isa = PBXSourcesBuildPhase;
			buildActionMask = 2147483647;
			files = (
			);
			runOnlyForDeploymentPostprocessing = 0;
		};
		268C41EE2CC8F096006E6D5D /* Sources */ = {
			isa = PBXSourcesBuildPhase;
			buildActionMask = 2147483647;
			files = (
			);
			runOnlyForDeploymentPostprocessing = 0;
		};
		268C41FB2CC8F0A1006E6D5D /* Sources */ = {
			isa = PBXSourcesBuildPhase;
			buildActionMask = 2147483647;
			files = (
			);
			runOnlyForDeploymentPostprocessing = 0;
		};
		268C42592CC93B3D006E6D5D /* Sources */ = {
			isa = PBXSourcesBuildPhase;
			buildActionMask = 2147483647;
			files = (
			);
			runOnlyForDeploymentPostprocessing = 0;
		};
		268C42662CC93B78006E6D5D /* Sources */ = {
			isa = PBXSourcesBuildPhase;
			buildActionMask = 2147483647;
			files = (
			);
			runOnlyForDeploymentPostprocessing = 0;
		};
		268C42732CC93B8D006E6D5D /* Sources */ = {
			isa = PBXSourcesBuildPhase;
			buildActionMask = 2147483647;
			files = (
			);
			runOnlyForDeploymentPostprocessing = 0;
		};
		268C42802CC93BE0006E6D5D /* Sources */ = {
			isa = PBXSourcesBuildPhase;
			buildActionMask = 2147483647;
			files = (
			);
			runOnlyForDeploymentPostprocessing = 0;
		};
		268C428D2CC93C01006E6D5D /* Sources */ = {
			isa = PBXSourcesBuildPhase;
			buildActionMask = 2147483647;
			files = (
			);
			runOnlyForDeploymentPostprocessing = 0;
		};
		268C429A2CC93C30006E6D5D /* Sources */ = {
			isa = PBXSourcesBuildPhase;
			buildActionMask = 2147483647;
			files = (
			);
			runOnlyForDeploymentPostprocessing = 0;
		};
		268C42A72CC93C4A006E6D5D /* Sources */ = {
			isa = PBXSourcesBuildPhase;
			buildActionMask = 2147483647;
			files = (
			);
			runOnlyForDeploymentPostprocessing = 0;
		};
		268C42B42CC93C63006E6D5D /* Sources */ = {
			isa = PBXSourcesBuildPhase;
			buildActionMask = 2147483647;
			files = (
			);
			runOnlyForDeploymentPostprocessing = 0;
		};
		268C42C12CC93C75006E6D5D /* Sources */ = {
			isa = PBXSourcesBuildPhase;
			buildActionMask = 2147483647;
			files = (
			);
			runOnlyForDeploymentPostprocessing = 0;
		};
		268C42CE2CC93C8C006E6D5D /* Sources */ = {
			isa = PBXSourcesBuildPhase;
			buildActionMask = 2147483647;
			files = (
			);
			runOnlyForDeploymentPostprocessing = 0;
		};
/* End PBXSourcesBuildPhase section */

/* Begin PBXTargetDependency section */
		268C470B2CCA31B9006E6D5D /* PBXTargetDependency */ = {
			isa = PBXTargetDependency;
			target = 268C425C2CC93B3D006E6D5D /* bitmap */;
			targetProxy = 268C470A2CCA31B9006E6D5D /* PBXContainerItemProxy */;
		};
		268C470D2CCA31B9006E6D5D /* PBXTargetDependency */ = {
			isa = PBXTargetDependency;
			target = 268C41C12CC8EE0D006E6D5D /* core */;
			targetProxy = 268C470C2CCA31B9006E6D5D /* PBXContainerItemProxy */;
		};
		268C470F2CCA31B9006E6D5D /* PBXTargetDependency */ = {
			isa = PBXTargetDependency;
			target = 268C41FE2CC8F0A1006E6D5D /* crypto */;
			targetProxy = 268C470E2CCA31B9006E6D5D /* PBXContainerItemProxy */;
		};
		268C47112CCA31B9006E6D5D /* PBXTargetDependency */ = {
			isa = PBXTargetDependency;
			target = 268C41F12CC8F096006E6D5D /* data */;
			targetProxy = 268C47102CCA31B9006E6D5D /* PBXContainerItemProxy */;
		};
		268C47132CCA31B9006E6D5D /* PBXTargetDependency */ = {
			isa = PBXTargetDependency;
			target = 268C42692CC93B78006E6D5D /* db */;
			targetProxy = 268C47122CCA31B9006E6D5D /* PBXContainerItemProxy */;
		};
		268C47152CCA31B9006E6D5D /* PBXTargetDependency */ = {
			isa = PBXTargetDependency;
			target = 268C42762CC93B8D006E6D5D /* font */;
			targetProxy = 268C47142CCA31B9006E6D5D /* PBXContainerItemProxy */;
		};
		268C47172CCA31B9006E6D5D /* PBXTargetDependency */ = {
			isa = PBXTargetDependency;
			target = 268C42832CC93BE0006E6D5D /* geom */;
			targetProxy = 268C47162CCA31B9006E6D5D /* PBXContainerItemProxy */;
		};
		268C47192CCA31B9006E6D5D /* PBXTargetDependency */ = {
			isa = PBXTargetDependency;
			target = 268C42902CC93C01006E6D5D /* network */;
			targetProxy = 268C47182CCA31B9006E6D5D /* PBXContainerItemProxy */;
		};
		268C471B2CCA31B9006E6D5D /* PBXTargetDependency */ = {
			isa = PBXTargetDependency;
			target = 268C429D2CC93C30006E6D5D /* search */;
			targetProxy = 268C471A2CCA31B9006E6D5D /* PBXContainerItemProxy */;
		};
		268C471D2CCA31B9006E6D5D /* PBXTargetDependency */ = {
			isa = PBXTargetDependency;
			target = 268C42AA2CC93C4A006E6D5D /* tess */;
			targetProxy = 268C471C2CCA31B9006E6D5D /* PBXContainerItemProxy */;
		};
		268C471F2CCA31B9006E6D5D /* PBXTargetDependency */ = {
			isa = PBXTargetDependency;
			target = 268C42B72CC93C63006E6D5D /* vg */;
			targetProxy = 268C471E2CCA31B9006E6D5D /* PBXContainerItemProxy */;
		};
		268C47212CCA31B9006E6D5D /* PBXTargetDependency */ = {
			isa = PBXTargetDependency;
			target = 268C42C42CC93C75006E6D5D /* wasm */;
			targetProxy = 268C47202CCA31B9006E6D5D /* PBXContainerItemProxy */;
		};
		268C47232CCA31B9006E6D5D /* PBXTargetDependency */ = {
			isa = PBXTargetDependency;
			target = 268C42D12CC93C8C006E6D5D /* zip */;
			targetProxy = 268C47222CCA31B9006E6D5D /* PBXContainerItemProxy */;
		};
/* End PBXTargetDependency section */

/* Begin XCBuildConfiguration section */
		2670DFFE2CC5766A00B3A76A /* Debug */ = {
			isa = XCBuildConfiguration;
			buildSettings = {
				ALWAYS_SEARCH_USER_PATHS = NO;
				ASSETCATALOG_COMPILER_GENERATE_SWIFT_ASSET_SYMBOL_EXTENSIONS = YES;
				CLANG_ANALYZER_NONNULL = YES;
				CLANG_ANALYZER_NUMBER_OBJECT_CONVERSION = YES_AGGRESSIVE;
				CLANG_CXX_LANGUAGE_STANDARD = "gnu++20";
				CLANG_ENABLE_MODULES = YES;
				CLANG_ENABLE_OBJC_ARC = YES;
				CLANG_ENABLE_OBJC_WEAK = YES;
				CLANG_WARN_BLOCK_CAPTURE_AUTORELEASING = YES;
				CLANG_WARN_BOOL_CONVERSION = YES;
				CLANG_WARN_COMMA = YES;
				CLANG_WARN_CONSTANT_CONVERSION = YES;
				CLANG_WARN_DEPRECATED_OBJC_IMPLEMENTATIONS = YES;
				CLANG_WARN_DIRECT_OBJC_ISA_USAGE = YES_ERROR;
				CLANG_WARN_DOCUMENTATION_COMMENTS = YES;
				CLANG_WARN_EMPTY_BODY = YES;
				CLANG_WARN_ENUM_CONVERSION = YES;
				CLANG_WARN_INFINITE_RECURSION = YES;
				CLANG_WARN_INT_CONVERSION = YES;
				CLANG_WARN_NON_LITERAL_NULL_CONVERSION = YES;
				CLANG_WARN_OBJC_IMPLICIT_RETAIN_SELF = YES;
				CLANG_WARN_OBJC_LITERAL_CONVERSION = YES;
				CLANG_WARN_OBJC_ROOT_CLASS = YES_ERROR;
				CLANG_WARN_QUOTED_INCLUDE_IN_FRAMEWORK_HEADER = YES;
				CLANG_WARN_RANGE_LOOP_ANALYSIS = YES;
				CLANG_WARN_STRICT_PROTOTYPES = YES;
				CLANG_WARN_SUSPICIOUS_MOVE = YES;
				CLANG_WARN_UNGUARDED_AVAILABILITY = YES_AGGRESSIVE;
				CLANG_WARN_UNREACHABLE_CODE = YES;
				CLANG_WARN__DUPLICATE_METHOD_MATCH = YES;
				COPY_PHASE_STRIP = NO;
				CURRENT_PROJECT_VERSION = 1;
				DEBUG_INFORMATION_FORMAT = dwarf;
				ENABLE_STRICT_OBJC_MSGSEND = YES;
				ENABLE_TESTABILITY = YES;
				ENABLE_USER_SCRIPT_SANDBOXING = YES;
				GCC_C_LANGUAGE_STANDARD = gnu17;
				GCC_DYNAMIC_NO_PIC = NO;
				GCC_NO_COMMON_BLOCKS = YES;
				GCC_OPTIMIZATION_LEVEL = 0;
				GCC_PREPROCESSOR_DEFINITIONS = (
					"DEBUG=1",
					"$(inherited)",
				);
				GCC_WARN_64_TO_32_BIT_CONVERSION = YES;
				GCC_WARN_ABOUT_RETURN_TYPE = YES_ERROR;
				GCC_WARN_UNDECLARED_SELECTOR = YES;
				GCC_WARN_UNINITIALIZED_AUTOS = YES_AGGRESSIVE;
				GCC_WARN_UNUSED_FUNCTION = YES;
				GCC_WARN_UNUSED_VARIABLE = YES;
				LOCALIZATION_PREFERS_STRING_CATALOGS = YES;
				MERGEABLE_LIBRARY = YES;
				MTL_ENABLE_DEBUG_INFO = INCLUDE_SOURCE;
				MTL_FAST_MATH = YES;
				ONLY_ACTIVE_ARCH = YES;
				SDKROOT = macosx;
				SWIFT_ACTIVE_COMPILATION_CONDITIONS = "DEBUG $(inherited)";
				SWIFT_OPTIMIZATION_LEVEL = "-Onone";
				VERSIONING_SYSTEM = "apple-generic";
				VERSION_INFO_PREFIX = "";
			};
			name = Debug;
		};
		2670DFFF2CC5766A00B3A76A /* Release */ = {
			isa = XCBuildConfiguration;
			buildSettings = {
				ALWAYS_SEARCH_USER_PATHS = NO;
				ASSETCATALOG_COMPILER_GENERATE_SWIFT_ASSET_SYMBOL_EXTENSIONS = YES;
				CLANG_ANALYZER_NONNULL = YES;
				CLANG_ANALYZER_NUMBER_OBJECT_CONVERSION = YES_AGGRESSIVE;
				CLANG_CXX_LANGUAGE_STANDARD = "gnu++20";
				CLANG_ENABLE_MODULES = YES;
				CLANG_ENABLE_OBJC_ARC = YES;
				CLANG_ENABLE_OBJC_WEAK = YES;
				CLANG_WARN_BLOCK_CAPTURE_AUTORELEASING = YES;
				CLANG_WARN_BOOL_CONVERSION = YES;
				CLANG_WARN_COMMA = YES;
				CLANG_WARN_CONSTANT_CONVERSION = YES;
				CLANG_WARN_DEPRECATED_OBJC_IMPLEMENTATIONS = YES;
				CLANG_WARN_DIRECT_OBJC_ISA_USAGE = YES_ERROR;
				CLANG_WARN_DOCUMENTATION_COMMENTS = YES;
				CLANG_WARN_EMPTY_BODY = YES;
				CLANG_WARN_ENUM_CONVERSION = YES;
				CLANG_WARN_INFINITE_RECURSION = YES;
				CLANG_WARN_INT_CONVERSION = YES;
				CLANG_WARN_NON_LITERAL_NULL_CONVERSION = YES;
				CLANG_WARN_OBJC_IMPLICIT_RETAIN_SELF = YES;
				CLANG_WARN_OBJC_LITERAL_CONVERSION = YES;
				CLANG_WARN_OBJC_ROOT_CLASS = YES_ERROR;
				CLANG_WARN_QUOTED_INCLUDE_IN_FRAMEWORK_HEADER = YES;
				CLANG_WARN_RANGE_LOOP_ANALYSIS = YES;
				CLANG_WARN_STRICT_PROTOTYPES = YES;
				CLANG_WARN_SUSPICIOUS_MOVE = YES;
				CLANG_WARN_UNGUARDED_AVAILABILITY = YES_AGGRESSIVE;
				CLANG_WARN_UNREACHABLE_CODE = YES;
				CLANG_WARN__DUPLICATE_METHOD_MATCH = YES;
				COPY_PHASE_STRIP = NO;
				CURRENT_PROJECT_VERSION = 1;
				DEBUG_INFORMATION_FORMAT = "dwarf-with-dsym";
				ENABLE_NS_ASSERTIONS = NO;
				ENABLE_STRICT_OBJC_MSGSEND = YES;
				ENABLE_USER_SCRIPT_SANDBOXING = YES;
				GCC_C_LANGUAGE_STANDARD = gnu17;
				GCC_NO_COMMON_BLOCKS = YES;
				GCC_WARN_64_TO_32_BIT_CONVERSION = YES;
				GCC_WARN_ABOUT_RETURN_TYPE = YES_ERROR;
				GCC_WARN_UNDECLARED_SELECTOR = YES;
				GCC_WARN_UNINITIALIZED_AUTOS = YES_AGGRESSIVE;
				GCC_WARN_UNUSED_FUNCTION = YES;
				GCC_WARN_UNUSED_VARIABLE = YES;
				LOCALIZATION_PREFERS_STRING_CATALOGS = YES;
				MERGEABLE_LIBRARY = YES;
				MTL_ENABLE_DEBUG_INFO = NO;
				MTL_FAST_MATH = YES;
				SDKROOT = macosx;
				SWIFT_COMPILATION_MODE = wholemodule;
				VERSIONING_SYSTEM = "apple-generic";
				VERSION_INFO_PREFIX = "";
			};
			name = Release;
		};
		268C41C82CC8EE0D006E6D5D /* Debug */ = {
			isa = XCBuildConfiguration;
			baseConfigurationReference = 268C424C2CC92CDE006E6D5D /* stappler_core.xcconfig */;
			buildSettings = {
				ALLOW_TARGET_PLATFORM_SPECIALIZATION = YES;
				BUILD_LIBRARY_FOR_DISTRIBUTION = YES;
				CODE_SIGN_STYLE = Automatic;
				CURRENT_PROJECT_VERSION = 1;
				DEFINES_MODULE = NO;
				DYLIB_COMPATIBILITY_VERSION = 1;
				DYLIB_CURRENT_VERSION = 1;
				DYLIB_INSTALL_NAME_BASE = "@rpath";
				ENABLE_MODULE_VERIFIER = YES;
				GENERATE_INFOPLIST_FILE = YES;
				INFOPLIST_KEY_NSHumanReadableCopyright = "";
				INSTALL_PATH = "$(LOCAL_LIBRARY_DIR)/Frameworks";
				IPHONEOS_DEPLOYMENT_TARGET = 18.0;
				LD_RUNPATH_SEARCH_PATHS = (
					"@executable_path/Frameworks",
					"@loader_path/Frameworks",
				);
				"LD_RUNPATH_SEARCH_PATHS[sdk=macosx*]" = (
					"@executable_path/../Frameworks",
					"@loader_path/Frameworks",
				);
				MACH_O_TYPE = staticlib;
				MACOSX_DEPLOYMENT_TARGET = 12.4;
				MARKETING_VERSION = 1.0;
				MODULE_VERIFIER_SUPPORTED_LANGUAGES = "objective-c objective-c++";
				MODULE_VERIFIER_SUPPORTED_LANGUAGE_STANDARDS = "gnu17 gnu++20";
				ONLY_ACTIVE_ARCH = NO;
				PRODUCT_BUNDLE_IDENTIFIER = org.stappler.core;
				PRODUCT_NAME = "$(TARGET_NAME:c99extidentifier)";
				SDKROOT = auto;
				SKIP_INSTALL = YES;
				SUPPORTED_PLATFORMS = macosx;
				SWIFT_EMIT_LOC_STRINGS = YES;
				SWIFT_INSTALL_OBJC_HEADER = NO;
				SWIFT_VERSION = 5.0;
				TARGETED_DEVICE_FAMILY = "1,2,7";
				XROS_DEPLOYMENT_TARGET = 2.0;
			};
			name = Debug;
		};
		268C41C92CC8EE0D006E6D5D /* Release */ = {
			isa = XCBuildConfiguration;
			baseConfigurationReference = 268C424C2CC92CDE006E6D5D /* stappler_core.xcconfig */;
			buildSettings = {
				ALLOW_TARGET_PLATFORM_SPECIALIZATION = YES;
				BUILD_LIBRARY_FOR_DISTRIBUTION = YES;
				CODE_SIGN_STYLE = Automatic;
				CURRENT_PROJECT_VERSION = 1;
				DEFINES_MODULE = NO;
				DYLIB_COMPATIBILITY_VERSION = 1;
				DYLIB_CURRENT_VERSION = 1;
				DYLIB_INSTALL_NAME_BASE = "@rpath";
				ENABLE_MODULE_VERIFIER = YES;
				GENERATE_INFOPLIST_FILE = YES;
				INFOPLIST_KEY_NSHumanReadableCopyright = "";
				INSTALL_PATH = "$(LOCAL_LIBRARY_DIR)/Frameworks";
				IPHONEOS_DEPLOYMENT_TARGET = 18.0;
				LD_RUNPATH_SEARCH_PATHS = (
					"@executable_path/Frameworks",
					"@loader_path/Frameworks",
				);
				"LD_RUNPATH_SEARCH_PATHS[sdk=macosx*]" = (
					"@executable_path/../Frameworks",
					"@loader_path/Frameworks",
				);
				MACH_O_TYPE = staticlib;
				MACOSX_DEPLOYMENT_TARGET = 12.4;
				MARKETING_VERSION = 1.0;
				MODULE_VERIFIER_SUPPORTED_LANGUAGES = "objective-c objective-c++";
				MODULE_VERIFIER_SUPPORTED_LANGUAGE_STANDARDS = "gnu17 gnu++20";
				PRODUCT_BUNDLE_IDENTIFIER = org.stappler.core;
				PRODUCT_NAME = "$(TARGET_NAME:c99extidentifier)";
				SDKROOT = auto;
				SKIP_INSTALL = YES;
				SUPPORTED_PLATFORMS = macosx;
				SWIFT_EMIT_LOC_STRINGS = YES;
				SWIFT_INSTALL_OBJC_HEADER = NO;
				SWIFT_VERSION = 5.0;
				TARGETED_DEVICE_FAMILY = "1,2,7";
				XROS_DEPLOYMENT_TARGET = 2.0;
			};
			name = Release;
		};
		268C41F82CC8F097006E6D5D /* Debug */ = {
			isa = XCBuildConfiguration;
			baseConfigurationReference = 268C424E2CC92CDE006E6D5D /* stappler_data.xcconfig */;
			buildSettings = {
				ALLOW_TARGET_PLATFORM_SPECIALIZATION = YES;
				BUILD_LIBRARY_FOR_DISTRIBUTION = YES;
				CODE_SIGN_STYLE = Automatic;
				CURRENT_PROJECT_VERSION = 1;
				DEFINES_MODULE = NO;
				DYLIB_COMPATIBILITY_VERSION = 1;
				DYLIB_CURRENT_VERSION = 1;
				DYLIB_INSTALL_NAME_BASE = "@rpath";
				ENABLE_MODULE_VERIFIER = YES;
				GENERATE_INFOPLIST_FILE = YES;
				INFOPLIST_KEY_NSHumanReadableCopyright = "";
				INSTALL_PATH = "$(LOCAL_LIBRARY_DIR)/Frameworks";
				IPHONEOS_DEPLOYMENT_TARGET = 18.0;
				LD_RUNPATH_SEARCH_PATHS = (
					"@executable_path/Frameworks",
					"@loader_path/Frameworks",
				);
				"LD_RUNPATH_SEARCH_PATHS[sdk=macosx*]" = (
					"@executable_path/../Frameworks",
					"@loader_path/Frameworks",
				);
				MACOSX_DEPLOYMENT_TARGET = 12.4;
				MARKETING_VERSION = 1.0;
				MODULE_VERIFIER_SUPPORTED_LANGUAGES = "objective-c objective-c++";
				MODULE_VERIFIER_SUPPORTED_LANGUAGE_STANDARDS = "gnu17 gnu++20";
				PRODUCT_BUNDLE_IDENTIFIER = org.stappler.data;
				PRODUCT_NAME = "$(TARGET_NAME:c99extidentifier)";
				SDKROOT = auto;
				SKIP_INSTALL = YES;
				SUPPORTED_PLATFORMS = macosx;
				SWIFT_EMIT_LOC_STRINGS = YES;
				SWIFT_INSTALL_OBJC_HEADER = NO;
				SWIFT_VERSION = 5.0;
				TARGETED_DEVICE_FAMILY = "1,2,7";
				XROS_DEPLOYMENT_TARGET = 2.0;
			};
			name = Debug;
		};
		268C41F92CC8F097006E6D5D /* Release */ = {
			isa = XCBuildConfiguration;
			baseConfigurationReference = 268C424E2CC92CDE006E6D5D /* stappler_data.xcconfig */;
			buildSettings = {
				ALLOW_TARGET_PLATFORM_SPECIALIZATION = YES;
				BUILD_LIBRARY_FOR_DISTRIBUTION = YES;
				CODE_SIGN_STYLE = Automatic;
				CURRENT_PROJECT_VERSION = 1;
				DEFINES_MODULE = NO;
				DYLIB_COMPATIBILITY_VERSION = 1;
				DYLIB_CURRENT_VERSION = 1;
				DYLIB_INSTALL_NAME_BASE = "@rpath";
				ENABLE_MODULE_VERIFIER = YES;
				GENERATE_INFOPLIST_FILE = YES;
				INFOPLIST_KEY_NSHumanReadableCopyright = "";
				INSTALL_PATH = "$(LOCAL_LIBRARY_DIR)/Frameworks";
				IPHONEOS_DEPLOYMENT_TARGET = 18.0;
				LD_RUNPATH_SEARCH_PATHS = (
					"@executable_path/Frameworks",
					"@loader_path/Frameworks",
				);
				"LD_RUNPATH_SEARCH_PATHS[sdk=macosx*]" = (
					"@executable_path/../Frameworks",
					"@loader_path/Frameworks",
				);
				MACOSX_DEPLOYMENT_TARGET = 12.4;
				MARKETING_VERSION = 1.0;
				MODULE_VERIFIER_SUPPORTED_LANGUAGES = "objective-c objective-c++";
				MODULE_VERIFIER_SUPPORTED_LANGUAGE_STANDARDS = "gnu17 gnu++20";
				PRODUCT_BUNDLE_IDENTIFIER = org.stappler.data;
				PRODUCT_NAME = "$(TARGET_NAME:c99extidentifier)";
				SDKROOT = auto;
				SKIP_INSTALL = YES;
				SUPPORTED_PLATFORMS = macosx;
				SWIFT_EMIT_LOC_STRINGS = YES;
				SWIFT_INSTALL_OBJC_HEADER = NO;
				SWIFT_VERSION = 5.0;
				TARGETED_DEVICE_FAMILY = "1,2,7";
				XROS_DEPLOYMENT_TARGET = 2.0;
			};
			name = Release;
		};
		268C42052CC8F0A1006E6D5D /* Debug */ = {
			isa = XCBuildConfiguration;
			baseConfigurationReference = 268C424D2CC92CDE006E6D5D /* stappler_crypto.xcconfig */;
			buildSettings = {
				ALLOW_TARGET_PLATFORM_SPECIALIZATION = YES;
				BUILD_LIBRARY_FOR_DISTRIBUTION = YES;
				CODE_SIGN_STYLE = Automatic;
				CURRENT_PROJECT_VERSION = 1;
				DEFINES_MODULE = NO;
				DYLIB_COMPATIBILITY_VERSION = 1;
				DYLIB_CURRENT_VERSION = 1;
				DYLIB_INSTALL_NAME_BASE = "@rpath";
				ENABLE_MODULE_VERIFIER = YES;
				GENERATE_INFOPLIST_FILE = YES;
				INFOPLIST_KEY_NSHumanReadableCopyright = "";
				INSTALL_PATH = "$(LOCAL_LIBRARY_DIR)/Frameworks";
				IPHONEOS_DEPLOYMENT_TARGET = 18.0;
				LD_RUNPATH_SEARCH_PATHS = (
					"@executable_path/Frameworks",
					"@loader_path/Frameworks",
				);
				"LD_RUNPATH_SEARCH_PATHS[sdk=macosx*]" = (
					"@executable_path/../Frameworks",
					"@loader_path/Frameworks",
				);
				MACOSX_DEPLOYMENT_TARGET = 12.4;
				MARKETING_VERSION = 1.0;
				MODULE_VERIFIER_SUPPORTED_LANGUAGES = "objective-c objective-c++";
				MODULE_VERIFIER_SUPPORTED_LANGUAGE_STANDARDS = "gnu17 gnu++20";
				PRODUCT_BUNDLE_IDENTIFIER = org.stappler.crypto;
				PRODUCT_NAME = "$(TARGET_NAME:c99extidentifier)";
				SDKROOT = auto;
				SKIP_INSTALL = YES;
				SUPPORTED_PLATFORMS = macosx;
				SWIFT_EMIT_LOC_STRINGS = YES;
				SWIFT_INSTALL_OBJC_HEADER = NO;
				SWIFT_VERSION = 5.0;
				TARGETED_DEVICE_FAMILY = "1,2,7";
				XROS_DEPLOYMENT_TARGET = 2.0;
			};
			name = Debug;
		};
		268C42062CC8F0A1006E6D5D /* Release */ = {
			isa = XCBuildConfiguration;
			baseConfigurationReference = 268C424D2CC92CDE006E6D5D /* stappler_crypto.xcconfig */;
			buildSettings = {
				ALLOW_TARGET_PLATFORM_SPECIALIZATION = YES;
				BUILD_LIBRARY_FOR_DISTRIBUTION = YES;
				CODE_SIGN_STYLE = Automatic;
				CURRENT_PROJECT_VERSION = 1;
				DEFINES_MODULE = NO;
				DYLIB_COMPATIBILITY_VERSION = 1;
				DYLIB_CURRENT_VERSION = 1;
				DYLIB_INSTALL_NAME_BASE = "@rpath";
				ENABLE_MODULE_VERIFIER = YES;
				GENERATE_INFOPLIST_FILE = YES;
				INFOPLIST_KEY_NSHumanReadableCopyright = "";
				INSTALL_PATH = "$(LOCAL_LIBRARY_DIR)/Frameworks";
				IPHONEOS_DEPLOYMENT_TARGET = 18.0;
				LD_RUNPATH_SEARCH_PATHS = (
					"@executable_path/Frameworks",
					"@loader_path/Frameworks",
				);
				"LD_RUNPATH_SEARCH_PATHS[sdk=macosx*]" = (
					"@executable_path/../Frameworks",
					"@loader_path/Frameworks",
				);
				MACOSX_DEPLOYMENT_TARGET = 12.4;
				MARKETING_VERSION = 1.0;
				MODULE_VERIFIER_SUPPORTED_LANGUAGES = "objective-c objective-c++";
				MODULE_VERIFIER_SUPPORTED_LANGUAGE_STANDARDS = "gnu17 gnu++20";
				PRODUCT_BUNDLE_IDENTIFIER = org.stappler.crypto;
				PRODUCT_NAME = "$(TARGET_NAME:c99extidentifier)";
				SDKROOT = auto;
				SKIP_INSTALL = YES;
				SUPPORTED_PLATFORMS = macosx;
				SWIFT_EMIT_LOC_STRINGS = YES;
				SWIFT_INSTALL_OBJC_HEADER = NO;
				SWIFT_VERSION = 5.0;
				TARGETED_DEVICE_FAMILY = "1,2,7";
				XROS_DEPLOYMENT_TARGET = 2.0;
			};
			name = Release;
		};
		268C42632CC93B3D006E6D5D /* Debug */ = {
			isa = XCBuildConfiguration;
			baseConfigurationReference = 268C424B2CC92CDE006E6D5D /* stappler_bitmap.xcconfig */;
			buildSettings = {
				ALLOW_TARGET_PLATFORM_SPECIALIZATION = YES;
				BUILD_LIBRARY_FOR_DISTRIBUTION = YES;
				CODE_SIGN_STYLE = Automatic;
				CURRENT_PROJECT_VERSION = 1;
				DEFINES_MODULE = NO;
				DYLIB_COMPATIBILITY_VERSION = 1;
				DYLIB_CURRENT_VERSION = 1;
				DYLIB_INSTALL_NAME_BASE = "@rpath";
				ENABLE_MODULE_VERIFIER = YES;
				GENERATE_INFOPLIST_FILE = YES;
				INFOPLIST_KEY_NSHumanReadableCopyright = "";
				INSTALL_PATH = "$(LOCAL_LIBRARY_DIR)/Frameworks";
				IPHONEOS_DEPLOYMENT_TARGET = 18.0;
				LD_RUNPATH_SEARCH_PATHS = (
					"@executable_path/Frameworks",
					"@loader_path/Frameworks",
				);
				"LD_RUNPATH_SEARCH_PATHS[sdk=macosx*]" = (
					"@executable_path/../Frameworks",
					"@loader_path/Frameworks",
				);
				MACOSX_DEPLOYMENT_TARGET = 12.4;
				MARKETING_VERSION = 1.0;
				MODULE_VERIFIER_SUPPORTED_LANGUAGES = "objective-c objective-c++";
				MODULE_VERIFIER_SUPPORTED_LANGUAGE_STANDARDS = "gnu17 gnu++20";
				PRODUCT_BUNDLE_IDENTIFIER = org.stappler.bitmap;
				PRODUCT_NAME = "$(TARGET_NAME:c99extidentifier)";
				SDKROOT = auto;
				SKIP_INSTALL = YES;
				SUPPORTED_PLATFORMS = macosx;
				SUPPORTS_MACCATALYST = NO;
				SWIFT_EMIT_LOC_STRINGS = YES;
				SWIFT_INSTALL_OBJC_HEADER = NO;
				SWIFT_VERSION = 5.0;
				XROS_DEPLOYMENT_TARGET = 2.0;
			};
			name = Debug;
		};
		268C42642CC93B3D006E6D5D /* Release */ = {
			isa = XCBuildConfiguration;
			baseConfigurationReference = 268C424B2CC92CDE006E6D5D /* stappler_bitmap.xcconfig */;
			buildSettings = {
				ALLOW_TARGET_PLATFORM_SPECIALIZATION = YES;
				BUILD_LIBRARY_FOR_DISTRIBUTION = YES;
				CODE_SIGN_STYLE = Automatic;
				CURRENT_PROJECT_VERSION = 1;
				DEFINES_MODULE = NO;
				DYLIB_COMPATIBILITY_VERSION = 1;
				DYLIB_CURRENT_VERSION = 1;
				DYLIB_INSTALL_NAME_BASE = "@rpath";
				ENABLE_MODULE_VERIFIER = YES;
				GENERATE_INFOPLIST_FILE = YES;
				INFOPLIST_KEY_NSHumanReadableCopyright = "";
				INSTALL_PATH = "$(LOCAL_LIBRARY_DIR)/Frameworks";
				IPHONEOS_DEPLOYMENT_TARGET = 18.0;
				LD_RUNPATH_SEARCH_PATHS = (
					"@executable_path/Frameworks",
					"@loader_path/Frameworks",
				);
				"LD_RUNPATH_SEARCH_PATHS[sdk=macosx*]" = (
					"@executable_path/../Frameworks",
					"@loader_path/Frameworks",
				);
				MACOSX_DEPLOYMENT_TARGET = 12.4;
				MARKETING_VERSION = 1.0;
				MODULE_VERIFIER_SUPPORTED_LANGUAGES = "objective-c objective-c++";
				MODULE_VERIFIER_SUPPORTED_LANGUAGE_STANDARDS = "gnu17 gnu++20";
				PRODUCT_BUNDLE_IDENTIFIER = org.stappler.bitmap;
				PRODUCT_NAME = "$(TARGET_NAME:c99extidentifier)";
				SDKROOT = auto;
				SKIP_INSTALL = YES;
				SUPPORTED_PLATFORMS = macosx;
				SUPPORTS_MACCATALYST = NO;
				SWIFT_EMIT_LOC_STRINGS = YES;
				SWIFT_INSTALL_OBJC_HEADER = NO;
				SWIFT_VERSION = 5.0;
				XROS_DEPLOYMENT_TARGET = 2.0;
			};
			name = Release;
		};
		268C42702CC93B78006E6D5D /* Debug */ = {
			isa = XCBuildConfiguration;
			baseConfigurationReference = 268C424F2CC92CDE006E6D5D /* stappler_db.xcconfig */;
			buildSettings = {
				ALLOW_TARGET_PLATFORM_SPECIALIZATION = YES;
				BUILD_LIBRARY_FOR_DISTRIBUTION = YES;
				CODE_SIGN_STYLE = Automatic;
				CURRENT_PROJECT_VERSION = 1;
				DEFINES_MODULE = NO;
				DYLIB_COMPATIBILITY_VERSION = 1;
				DYLIB_CURRENT_VERSION = 1;
				DYLIB_INSTALL_NAME_BASE = "@rpath";
				ENABLE_MODULE_VERIFIER = YES;
				GENERATE_INFOPLIST_FILE = YES;
				INFOPLIST_KEY_NSHumanReadableCopyright = "";
				INSTALL_PATH = "$(LOCAL_LIBRARY_DIR)/Frameworks";
				IPHONEOS_DEPLOYMENT_TARGET = 18.0;
				LD_RUNPATH_SEARCH_PATHS = (
					"@executable_path/Frameworks",
					"@loader_path/Frameworks",
				);
				"LD_RUNPATH_SEARCH_PATHS[sdk=macosx*]" = (
					"@executable_path/../Frameworks",
					"@loader_path/Frameworks",
				);
				MACOSX_DEPLOYMENT_TARGET = 12.4;
				MARKETING_VERSION = 1.0;
				MODULE_VERIFIER_SUPPORTED_LANGUAGES = "objective-c objective-c++";
				MODULE_VERIFIER_SUPPORTED_LANGUAGE_STANDARDS = "gnu17 gnu++20";
				PRODUCT_BUNDLE_IDENTIFIER = org.stappler.db;
				PRODUCT_NAME = "$(TARGET_NAME:c99extidentifier)";
				SDKROOT = auto;
				SKIP_INSTALL = YES;
				SUPPORTED_PLATFORMS = macosx;
				SUPPORTS_MACCATALYST = NO;
				SWIFT_EMIT_LOC_STRINGS = YES;
				SWIFT_INSTALL_OBJC_HEADER = NO;
				SWIFT_VERSION = 5.0;
				XROS_DEPLOYMENT_TARGET = 2.0;
			};
			name = Debug;
		};
		268C42712CC93B78006E6D5D /* Release */ = {
			isa = XCBuildConfiguration;
			baseConfigurationReference = 268C424F2CC92CDE006E6D5D /* stappler_db.xcconfig */;
			buildSettings = {
				ALLOW_TARGET_PLATFORM_SPECIALIZATION = YES;
				BUILD_LIBRARY_FOR_DISTRIBUTION = YES;
				CODE_SIGN_STYLE = Automatic;
				CURRENT_PROJECT_VERSION = 1;
				DEFINES_MODULE = NO;
				DYLIB_COMPATIBILITY_VERSION = 1;
				DYLIB_CURRENT_VERSION = 1;
				DYLIB_INSTALL_NAME_BASE = "@rpath";
				ENABLE_MODULE_VERIFIER = YES;
				GENERATE_INFOPLIST_FILE = YES;
				INFOPLIST_KEY_NSHumanReadableCopyright = "";
				INSTALL_PATH = "$(LOCAL_LIBRARY_DIR)/Frameworks";
				IPHONEOS_DEPLOYMENT_TARGET = 18.0;
				LD_RUNPATH_SEARCH_PATHS = (
					"@executable_path/Frameworks",
					"@loader_path/Frameworks",
				);
				"LD_RUNPATH_SEARCH_PATHS[sdk=macosx*]" = (
					"@executable_path/../Frameworks",
					"@loader_path/Frameworks",
				);
				MACOSX_DEPLOYMENT_TARGET = 12.4;
				MARKETING_VERSION = 1.0;
				MODULE_VERIFIER_SUPPORTED_LANGUAGES = "objective-c objective-c++";
				MODULE_VERIFIER_SUPPORTED_LANGUAGE_STANDARDS = "gnu17 gnu++20";
				PRODUCT_BUNDLE_IDENTIFIER = org.stappler.db;
				PRODUCT_NAME = "$(TARGET_NAME:c99extidentifier)";
				SDKROOT = auto;
				SKIP_INSTALL = YES;
				SUPPORTED_PLATFORMS = macosx;
				SUPPORTS_MACCATALYST = NO;
				SWIFT_EMIT_LOC_STRINGS = YES;
				SWIFT_INSTALL_OBJC_HEADER = NO;
				SWIFT_VERSION = 5.0;
				XROS_DEPLOYMENT_TARGET = 2.0;
			};
			name = Release;
		};
		268C427D2CC93B8D006E6D5D /* Debug */ = {
			isa = XCBuildConfiguration;
			baseConfigurationReference = 268C42502CC92CDE006E6D5D /* stappler_font.xcconfig */;
			buildSettings = {
				ALLOW_TARGET_PLATFORM_SPECIALIZATION = YES;
				BUILD_LIBRARY_FOR_DISTRIBUTION = YES;
				CODE_SIGN_STYLE = Automatic;
				CURRENT_PROJECT_VERSION = 1;
				DEFINES_MODULE = NO;
				DYLIB_COMPATIBILITY_VERSION = 1;
				DYLIB_CURRENT_VERSION = 1;
				DYLIB_INSTALL_NAME_BASE = "@rpath";
				ENABLE_MODULE_VERIFIER = YES;
				GENERATE_INFOPLIST_FILE = YES;
				INFOPLIST_KEY_NSHumanReadableCopyright = "";
				INSTALL_PATH = "$(LOCAL_LIBRARY_DIR)/Frameworks";
				IPHONEOS_DEPLOYMENT_TARGET = 18.0;
				LD_RUNPATH_SEARCH_PATHS = (
					"@executable_path/Frameworks",
					"@loader_path/Frameworks",
				);
				"LD_RUNPATH_SEARCH_PATHS[sdk=macosx*]" = (
					"@executable_path/../Frameworks",
					"@loader_path/Frameworks",
				);
				MACOSX_DEPLOYMENT_TARGET = 12.4;
				MARKETING_VERSION = 1.0;
				MODULE_VERIFIER_SUPPORTED_LANGUAGES = "objective-c objective-c++";
				MODULE_VERIFIER_SUPPORTED_LANGUAGE_STANDARDS = "gnu17 gnu++20";
				PRODUCT_BUNDLE_IDENTIFIER = org.stappler.font;
				PRODUCT_NAME = "$(TARGET_NAME:c99extidentifier)";
				SDKROOT = auto;
				SKIP_INSTALL = YES;
				SUPPORTED_PLATFORMS = macosx;
				SUPPORTS_MACCATALYST = NO;
				SWIFT_EMIT_LOC_STRINGS = YES;
				SWIFT_INSTALL_OBJC_HEADER = NO;
				SWIFT_VERSION = 5.0;
				XROS_DEPLOYMENT_TARGET = 2.0;
			};
			name = Debug;
		};
		268C427E2CC93B8D006E6D5D /* Release */ = {
			isa = XCBuildConfiguration;
			baseConfigurationReference = 268C42502CC92CDE006E6D5D /* stappler_font.xcconfig */;
			buildSettings = {
				ALLOW_TARGET_PLATFORM_SPECIALIZATION = YES;
				BUILD_LIBRARY_FOR_DISTRIBUTION = YES;
				CODE_SIGN_STYLE = Automatic;
				CURRENT_PROJECT_VERSION = 1;
				DEFINES_MODULE = NO;
				DYLIB_COMPATIBILITY_VERSION = 1;
				DYLIB_CURRENT_VERSION = 1;
				DYLIB_INSTALL_NAME_BASE = "@rpath";
				ENABLE_MODULE_VERIFIER = YES;
				GENERATE_INFOPLIST_FILE = YES;
				INFOPLIST_KEY_NSHumanReadableCopyright = "";
				INSTALL_PATH = "$(LOCAL_LIBRARY_DIR)/Frameworks";
				IPHONEOS_DEPLOYMENT_TARGET = 18.0;
				LD_RUNPATH_SEARCH_PATHS = (
					"@executable_path/Frameworks",
					"@loader_path/Frameworks",
				);
				"LD_RUNPATH_SEARCH_PATHS[sdk=macosx*]" = (
					"@executable_path/../Frameworks",
					"@loader_path/Frameworks",
				);
				MACOSX_DEPLOYMENT_TARGET = 12.4;
				MARKETING_VERSION = 1.0;
				MODULE_VERIFIER_SUPPORTED_LANGUAGES = "objective-c objective-c++";
				MODULE_VERIFIER_SUPPORTED_LANGUAGE_STANDARDS = "gnu17 gnu++20";
				PRODUCT_BUNDLE_IDENTIFIER = org.stappler.font;
				PRODUCT_NAME = "$(TARGET_NAME:c99extidentifier)";
				SDKROOT = auto;
				SKIP_INSTALL = YES;
				SUPPORTED_PLATFORMS = macosx;
				SUPPORTS_MACCATALYST = NO;
				SWIFT_EMIT_LOC_STRINGS = YES;
				SWIFT_INSTALL_OBJC_HEADER = NO;
				SWIFT_VERSION = 5.0;
				XROS_DEPLOYMENT_TARGET = 2.0;
			};
			name = Release;
		};
		268C428A2CC93BE0006E6D5D /* Debug */ = {
			isa = XCBuildConfiguration;
			baseConfigurationReference = 268C42512CC92CDE006E6D5D /* stappler_geom.xcconfig */;
			buildSettings = {
				ALLOW_TARGET_PLATFORM_SPECIALIZATION = YES;
				BUILD_LIBRARY_FOR_DISTRIBUTION = YES;
				CODE_SIGN_STYLE = Automatic;
				CURRENT_PROJECT_VERSION = 1;
				DEFINES_MODULE = NO;
				DYLIB_COMPATIBILITY_VERSION = 1;
				DYLIB_CURRENT_VERSION = 1;
				DYLIB_INSTALL_NAME_BASE = "@rpath";
				ENABLE_MODULE_VERIFIER = YES;
				GENERATE_INFOPLIST_FILE = YES;
				INFOPLIST_KEY_NSHumanReadableCopyright = "";
				INSTALL_PATH = "$(LOCAL_LIBRARY_DIR)/Frameworks";
				IPHONEOS_DEPLOYMENT_TARGET = 18.0;
				LD_RUNPATH_SEARCH_PATHS = (
					"@executable_path/Frameworks",
					"@loader_path/Frameworks",
				);
				"LD_RUNPATH_SEARCH_PATHS[sdk=macosx*]" = (
					"@executable_path/../Frameworks",
					"@loader_path/Frameworks",
				);
				MACOSX_DEPLOYMENT_TARGET = 12.4;
				MARKETING_VERSION = 1.0;
				MODULE_VERIFIER_SUPPORTED_LANGUAGES = "objective-c objective-c++";
				MODULE_VERIFIER_SUPPORTED_LANGUAGE_STANDARDS = "gnu17 gnu++20";
				PRODUCT_BUNDLE_IDENTIFIER = org.stappler.geom;
				PRODUCT_NAME = "$(TARGET_NAME:c99extidentifier)";
				SDKROOT = auto;
				SKIP_INSTALL = YES;
				SUPPORTED_PLATFORMS = macosx;
				SUPPORTS_MACCATALYST = NO;
				SWIFT_EMIT_LOC_STRINGS = YES;
				SWIFT_INSTALL_OBJC_HEADER = NO;
				SWIFT_VERSION = 5.0;
				XROS_DEPLOYMENT_TARGET = 2.0;
			};
			name = Debug;
		};
		268C428B2CC93BE0006E6D5D /* Release */ = {
			isa = XCBuildConfiguration;
			baseConfigurationReference = 268C42512CC92CDE006E6D5D /* stappler_geom.xcconfig */;
			buildSettings = {
				ALLOW_TARGET_PLATFORM_SPECIALIZATION = YES;
				BUILD_LIBRARY_FOR_DISTRIBUTION = YES;
				CODE_SIGN_STYLE = Automatic;
				CURRENT_PROJECT_VERSION = 1;
				DEFINES_MODULE = NO;
				DYLIB_COMPATIBILITY_VERSION = 1;
				DYLIB_CURRENT_VERSION = 1;
				DYLIB_INSTALL_NAME_BASE = "@rpath";
				ENABLE_MODULE_VERIFIER = YES;
				GENERATE_INFOPLIST_FILE = YES;
				INFOPLIST_KEY_NSHumanReadableCopyright = "";
				INSTALL_PATH = "$(LOCAL_LIBRARY_DIR)/Frameworks";
				IPHONEOS_DEPLOYMENT_TARGET = 18.0;
				LD_RUNPATH_SEARCH_PATHS = (
					"@executable_path/Frameworks",
					"@loader_path/Frameworks",
				);
				"LD_RUNPATH_SEARCH_PATHS[sdk=macosx*]" = (
					"@executable_path/../Frameworks",
					"@loader_path/Frameworks",
				);
				MACOSX_DEPLOYMENT_TARGET = 12.4;
				MARKETING_VERSION = 1.0;
				MODULE_VERIFIER_SUPPORTED_LANGUAGES = "objective-c objective-c++";
				MODULE_VERIFIER_SUPPORTED_LANGUAGE_STANDARDS = "gnu17 gnu++20";
				PRODUCT_BUNDLE_IDENTIFIER = org.stappler.geom;
				PRODUCT_NAME = "$(TARGET_NAME:c99extidentifier)";
				SDKROOT = auto;
				SKIP_INSTALL = YES;
				SUPPORTED_PLATFORMS = macosx;
				SUPPORTS_MACCATALYST = NO;
				SWIFT_EMIT_LOC_STRINGS = YES;
				SWIFT_INSTALL_OBJC_HEADER = NO;
				SWIFT_VERSION = 5.0;
				XROS_DEPLOYMENT_TARGET = 2.0;
			};
			name = Release;
		};
		268C42972CC93C02006E6D5D /* Debug */ = {
			isa = XCBuildConfiguration;
			baseConfigurationReference = 268C42522CC92CDE006E6D5D /* stappler_network.xcconfig */;
			buildSettings = {
				ALLOW_TARGET_PLATFORM_SPECIALIZATION = YES;
				BUILD_LIBRARY_FOR_DISTRIBUTION = YES;
				CODE_SIGN_STYLE = Automatic;
				CURRENT_PROJECT_VERSION = 1;
				DEFINES_MODULE = NO;
				DYLIB_COMPATIBILITY_VERSION = 1;
				DYLIB_CURRENT_VERSION = 1;
				DYLIB_INSTALL_NAME_BASE = "@rpath";
				ENABLE_MODULE_VERIFIER = YES;
				GENERATE_INFOPLIST_FILE = YES;
				INFOPLIST_KEY_NSHumanReadableCopyright = "";
				INSTALL_PATH = "$(LOCAL_LIBRARY_DIR)/Frameworks";
				IPHONEOS_DEPLOYMENT_TARGET = 18.0;
				LD_RUNPATH_SEARCH_PATHS = (
					"@executable_path/Frameworks",
					"@loader_path/Frameworks",
				);
				"LD_RUNPATH_SEARCH_PATHS[sdk=macosx*]" = (
					"@executable_path/../Frameworks",
					"@loader_path/Frameworks",
				);
				MACOSX_DEPLOYMENT_TARGET = 12.4;
				MARKETING_VERSION = 1.0;
				MODULE_VERIFIER_SUPPORTED_LANGUAGES = "objective-c objective-c++";
				MODULE_VERIFIER_SUPPORTED_LANGUAGE_STANDARDS = "gnu17 gnu++20";
				PRODUCT_BUNDLE_IDENTIFIER = org.stappler.network;
				PRODUCT_NAME = "$(TARGET_NAME:c99extidentifier)";
				SDKROOT = auto;
				SKIP_INSTALL = YES;
				SUPPORTED_PLATFORMS = macosx;
				SUPPORTS_MACCATALYST = NO;
				SWIFT_EMIT_LOC_STRINGS = YES;
				SWIFT_INSTALL_OBJC_HEADER = NO;
				SWIFT_VERSION = 5.0;
				XROS_DEPLOYMENT_TARGET = 2.0;
			};
			name = Debug;
		};
		268C42982CC93C02006E6D5D /* Release */ = {
			isa = XCBuildConfiguration;
			baseConfigurationReference = 268C42522CC92CDE006E6D5D /* stappler_network.xcconfig */;
			buildSettings = {
				ALLOW_TARGET_PLATFORM_SPECIALIZATION = YES;
				BUILD_LIBRARY_FOR_DISTRIBUTION = YES;
				CODE_SIGN_STYLE = Automatic;
				CURRENT_PROJECT_VERSION = 1;
				DEFINES_MODULE = NO;
				DYLIB_COMPATIBILITY_VERSION = 1;
				DYLIB_CURRENT_VERSION = 1;
				DYLIB_INSTALL_NAME_BASE = "@rpath";
				ENABLE_MODULE_VERIFIER = YES;
				GENERATE_INFOPLIST_FILE = YES;
				INFOPLIST_KEY_NSHumanReadableCopyright = "";
				INSTALL_PATH = "$(LOCAL_LIBRARY_DIR)/Frameworks";
				IPHONEOS_DEPLOYMENT_TARGET = 18.0;
				LD_RUNPATH_SEARCH_PATHS = (
					"@executable_path/Frameworks",
					"@loader_path/Frameworks",
				);
				"LD_RUNPATH_SEARCH_PATHS[sdk=macosx*]" = (
					"@executable_path/../Frameworks",
					"@loader_path/Frameworks",
				);
				MACOSX_DEPLOYMENT_TARGET = 12.4;
				MARKETING_VERSION = 1.0;
				MODULE_VERIFIER_SUPPORTED_LANGUAGES = "objective-c objective-c++";
				MODULE_VERIFIER_SUPPORTED_LANGUAGE_STANDARDS = "gnu17 gnu++20";
				PRODUCT_BUNDLE_IDENTIFIER = org.stappler.network;
				PRODUCT_NAME = "$(TARGET_NAME:c99extidentifier)";
				SDKROOT = auto;
				SKIP_INSTALL = YES;
				SUPPORTED_PLATFORMS = macosx;
				SUPPORTS_MACCATALYST = NO;
				SWIFT_EMIT_LOC_STRINGS = YES;
				SWIFT_INSTALL_OBJC_HEADER = NO;
				SWIFT_VERSION = 5.0;
				XROS_DEPLOYMENT_TARGET = 2.0;
			};
			name = Release;
		};
		268C42A42CC93C30006E6D5D /* Debug */ = {
			isa = XCBuildConfiguration;
			baseConfigurationReference = 268C42532CC92CDE006E6D5D /* stappler_search.xcconfig */;
			buildSettings = {
				ALLOW_TARGET_PLATFORM_SPECIALIZATION = YES;
				BUILD_LIBRARY_FOR_DISTRIBUTION = YES;
				CODE_SIGN_STYLE = Automatic;
				CURRENT_PROJECT_VERSION = 1;
				DEFINES_MODULE = NO;
				DYLIB_COMPATIBILITY_VERSION = 1;
				DYLIB_CURRENT_VERSION = 1;
				DYLIB_INSTALL_NAME_BASE = "@rpath";
				ENABLE_MODULE_VERIFIER = YES;
				GENERATE_INFOPLIST_FILE = YES;
				INFOPLIST_KEY_NSHumanReadableCopyright = "";
				INSTALL_PATH = "$(LOCAL_LIBRARY_DIR)/Frameworks";
				IPHONEOS_DEPLOYMENT_TARGET = 18.0;
				LD_RUNPATH_SEARCH_PATHS = (
					"@executable_path/Frameworks",
					"@loader_path/Frameworks",
				);
				"LD_RUNPATH_SEARCH_PATHS[sdk=macosx*]" = (
					"@executable_path/../Frameworks",
					"@loader_path/Frameworks",
				);
				MACOSX_DEPLOYMENT_TARGET = 12.4;
				MARKETING_VERSION = 1.0;
				MODULE_VERIFIER_SUPPORTED_LANGUAGES = "objective-c objective-c++";
				MODULE_VERIFIER_SUPPORTED_LANGUAGE_STANDARDS = "gnu17 gnu++20";
				PRODUCT_BUNDLE_IDENTIFIER = org.stappler.search;
				PRODUCT_NAME = "$(TARGET_NAME:c99extidentifier)";
				SDKROOT = auto;
				SKIP_INSTALL = YES;
				SUPPORTED_PLATFORMS = macosx;
				SUPPORTS_MACCATALYST = NO;
				SWIFT_EMIT_LOC_STRINGS = YES;
				SWIFT_INSTALL_OBJC_HEADER = NO;
				SWIFT_VERSION = 5.0;
				XROS_DEPLOYMENT_TARGET = 2.0;
			};
			name = Debug;
		};
		268C42A52CC93C30006E6D5D /* Release */ = {
			isa = XCBuildConfiguration;
			baseConfigurationReference = 268C42532CC92CDE006E6D5D /* stappler_search.xcconfig */;
			buildSettings = {
				ALLOW_TARGET_PLATFORM_SPECIALIZATION = YES;
				BUILD_LIBRARY_FOR_DISTRIBUTION = YES;
				CODE_SIGN_STYLE = Automatic;
				CURRENT_PROJECT_VERSION = 1;
				DEFINES_MODULE = NO;
				DYLIB_COMPATIBILITY_VERSION = 1;
				DYLIB_CURRENT_VERSION = 1;
				DYLIB_INSTALL_NAME_BASE = "@rpath";
				ENABLE_MODULE_VERIFIER = YES;
				GENERATE_INFOPLIST_FILE = YES;
				INFOPLIST_KEY_NSHumanReadableCopyright = "";
				INSTALL_PATH = "$(LOCAL_LIBRARY_DIR)/Frameworks";
				IPHONEOS_DEPLOYMENT_TARGET = 18.0;
				LD_RUNPATH_SEARCH_PATHS = (
					"@executable_path/Frameworks",
					"@loader_path/Frameworks",
				);
				"LD_RUNPATH_SEARCH_PATHS[sdk=macosx*]" = (
					"@executable_path/../Frameworks",
					"@loader_path/Frameworks",
				);
				MACOSX_DEPLOYMENT_TARGET = 12.4;
				MARKETING_VERSION = 1.0;
				MODULE_VERIFIER_SUPPORTED_LANGUAGES = "objective-c objective-c++";
				MODULE_VERIFIER_SUPPORTED_LANGUAGE_STANDARDS = "gnu17 gnu++20";
				PRODUCT_BUNDLE_IDENTIFIER = org.stappler.search;
				PRODUCT_NAME = "$(TARGET_NAME:c99extidentifier)";
				SDKROOT = auto;
				SKIP_INSTALL = YES;
				SUPPORTED_PLATFORMS = macosx;
				SUPPORTS_MACCATALYST = NO;
				SWIFT_EMIT_LOC_STRINGS = YES;
				SWIFT_INSTALL_OBJC_HEADER = NO;
				SWIFT_VERSION = 5.0;
				XROS_DEPLOYMENT_TARGET = 2.0;
			};
			name = Release;
		};
		268C42B12CC93C4A006E6D5D /* Debug */ = {
			isa = XCBuildConfiguration;
			baseConfigurationReference = 268C42542CC92CDE006E6D5D /* stappler_tess.xcconfig */;
			buildSettings = {
				ALLOW_TARGET_PLATFORM_SPECIALIZATION = YES;
				BUILD_LIBRARY_FOR_DISTRIBUTION = YES;
				CODE_SIGN_STYLE = Automatic;
				CURRENT_PROJECT_VERSION = 1;
				DEFINES_MODULE = NO;
				DYLIB_COMPATIBILITY_VERSION = 1;
				DYLIB_CURRENT_VERSION = 1;
				DYLIB_INSTALL_NAME_BASE = "@rpath";
				ENABLE_MODULE_VERIFIER = YES;
				GENERATE_INFOPLIST_FILE = YES;
				INFOPLIST_KEY_NSHumanReadableCopyright = "";
				INSTALL_PATH = "$(LOCAL_LIBRARY_DIR)/Frameworks";
				IPHONEOS_DEPLOYMENT_TARGET = 18.0;
				LD_RUNPATH_SEARCH_PATHS = (
					"@executable_path/Frameworks",
					"@loader_path/Frameworks",
				);
				"LD_RUNPATH_SEARCH_PATHS[sdk=macosx*]" = (
					"@executable_path/../Frameworks",
					"@loader_path/Frameworks",
				);
				MACOSX_DEPLOYMENT_TARGET = 12.4;
				MARKETING_VERSION = 1.0;
				MODULE_VERIFIER_SUPPORTED_LANGUAGES = "objective-c objective-c++";
				MODULE_VERIFIER_SUPPORTED_LANGUAGE_STANDARDS = "gnu17 gnu++20";
				PRODUCT_BUNDLE_IDENTIFIER = org.stappler.tess;
				PRODUCT_NAME = "$(TARGET_NAME:c99extidentifier)";
				SDKROOT = auto;
				SKIP_INSTALL = YES;
				SUPPORTED_PLATFORMS = macosx;
				SUPPORTS_MACCATALYST = NO;
				SWIFT_EMIT_LOC_STRINGS = YES;
				SWIFT_INSTALL_OBJC_HEADER = NO;
				SWIFT_VERSION = 5.0;
				XROS_DEPLOYMENT_TARGET = 2.0;
			};
			name = Debug;
		};
		268C42B22CC93C4A006E6D5D /* Release */ = {
			isa = XCBuildConfiguration;
			baseConfigurationReference = 268C42542CC92CDE006E6D5D /* stappler_tess.xcconfig */;
			buildSettings = {
				ALLOW_TARGET_PLATFORM_SPECIALIZATION = YES;
				BUILD_LIBRARY_FOR_DISTRIBUTION = YES;
				CODE_SIGN_STYLE = Automatic;
				CURRENT_PROJECT_VERSION = 1;
				DEFINES_MODULE = NO;
				DYLIB_COMPATIBILITY_VERSION = 1;
				DYLIB_CURRENT_VERSION = 1;
				DYLIB_INSTALL_NAME_BASE = "@rpath";
				ENABLE_MODULE_VERIFIER = YES;
				GENERATE_INFOPLIST_FILE = YES;
				INFOPLIST_KEY_NSHumanReadableCopyright = "";
				INSTALL_PATH = "$(LOCAL_LIBRARY_DIR)/Frameworks";
				IPHONEOS_DEPLOYMENT_TARGET = 18.0;
				LD_RUNPATH_SEARCH_PATHS = (
					"@executable_path/Frameworks",
					"@loader_path/Frameworks",
				);
				"LD_RUNPATH_SEARCH_PATHS[sdk=macosx*]" = (
					"@executable_path/../Frameworks",
					"@loader_path/Frameworks",
				);
				MACOSX_DEPLOYMENT_TARGET = 12.4;
				MARKETING_VERSION = 1.0;
				MODULE_VERIFIER_SUPPORTED_LANGUAGES = "objective-c objective-c++";
				MODULE_VERIFIER_SUPPORTED_LANGUAGE_STANDARDS = "gnu17 gnu++20";
				PRODUCT_BUNDLE_IDENTIFIER = org.stappler.tess;
				PRODUCT_NAME = "$(TARGET_NAME:c99extidentifier)";
				SDKROOT = auto;
				SKIP_INSTALL = YES;
				SUPPORTED_PLATFORMS = macosx;
				SUPPORTS_MACCATALYST = NO;
				SWIFT_EMIT_LOC_STRINGS = YES;
				SWIFT_INSTALL_OBJC_HEADER = NO;
				SWIFT_VERSION = 5.0;
				XROS_DEPLOYMENT_TARGET = 2.0;
			};
			name = Release;
		};
		268C42BE2CC93C63006E6D5D /* Debug */ = {
			isa = XCBuildConfiguration;
			baseConfigurationReference = 268C42552CC92CDE006E6D5D /* stappler_vg.xcconfig */;
			buildSettings = {
				ALLOW_TARGET_PLATFORM_SPECIALIZATION = YES;
				BUILD_LIBRARY_FOR_DISTRIBUTION = YES;
				CODE_SIGN_STYLE = Automatic;
				CURRENT_PROJECT_VERSION = 1;
				DEFINES_MODULE = NO;
				DYLIB_COMPATIBILITY_VERSION = 1;
				DYLIB_CURRENT_VERSION = 1;
				DYLIB_INSTALL_NAME_BASE = "@rpath";
				ENABLE_MODULE_VERIFIER = YES;
				GENERATE_INFOPLIST_FILE = YES;
				INFOPLIST_KEY_NSHumanReadableCopyright = "";
				INSTALL_PATH = "$(LOCAL_LIBRARY_DIR)/Frameworks";
				IPHONEOS_DEPLOYMENT_TARGET = 18.0;
				LD_RUNPATH_SEARCH_PATHS = (
					"@executable_path/Frameworks",
					"@loader_path/Frameworks",
				);
				"LD_RUNPATH_SEARCH_PATHS[sdk=macosx*]" = (
					"@executable_path/../Frameworks",
					"@loader_path/Frameworks",
				);
				MACOSX_DEPLOYMENT_TARGET = 12.4;
				MARKETING_VERSION = 1.0;
				MODULE_VERIFIER_SUPPORTED_LANGUAGES = "objective-c objective-c++";
				MODULE_VERIFIER_SUPPORTED_LANGUAGE_STANDARDS = "gnu17 gnu++20";
				PRODUCT_BUNDLE_IDENTIFIER = org.stappler.vg;
				PRODUCT_NAME = "$(TARGET_NAME:c99extidentifier)";
				SDKROOT = auto;
				SKIP_INSTALL = YES;
				SUPPORTED_PLATFORMS = macosx;
				SUPPORTS_MACCATALYST = NO;
				SWIFT_EMIT_LOC_STRINGS = YES;
				SWIFT_INSTALL_OBJC_HEADER = NO;
				SWIFT_VERSION = 5.0;
				XROS_DEPLOYMENT_TARGET = 2.0;
			};
			name = Debug;
		};
		268C42BF2CC93C63006E6D5D /* Release */ = {
			isa = XCBuildConfiguration;
			baseConfigurationReference = 268C42552CC92CDE006E6D5D /* stappler_vg.xcconfig */;
			buildSettings = {
				ALLOW_TARGET_PLATFORM_SPECIALIZATION = YES;
				BUILD_LIBRARY_FOR_DISTRIBUTION = YES;
				CODE_SIGN_STYLE = Automatic;
				CURRENT_PROJECT_VERSION = 1;
				DEFINES_MODULE = NO;
				DYLIB_COMPATIBILITY_VERSION = 1;
				DYLIB_CURRENT_VERSION = 1;
				DYLIB_INSTALL_NAME_BASE = "@rpath";
				ENABLE_MODULE_VERIFIER = YES;
				GENERATE_INFOPLIST_FILE = YES;
				INFOPLIST_KEY_NSHumanReadableCopyright = "";
				INSTALL_PATH = "$(LOCAL_LIBRARY_DIR)/Frameworks";
				IPHONEOS_DEPLOYMENT_TARGET = 18.0;
				LD_RUNPATH_SEARCH_PATHS = (
					"@executable_path/Frameworks",
					"@loader_path/Frameworks",
				);
				"LD_RUNPATH_SEARCH_PATHS[sdk=macosx*]" = (
					"@executable_path/../Frameworks",
					"@loader_path/Frameworks",
				);
				MACOSX_DEPLOYMENT_TARGET = 12.4;
				MARKETING_VERSION = 1.0;
				MODULE_VERIFIER_SUPPORTED_LANGUAGES = "objective-c objective-c++";
				MODULE_VERIFIER_SUPPORTED_LANGUAGE_STANDARDS = "gnu17 gnu++20";
				PRODUCT_BUNDLE_IDENTIFIER = org.stappler.vg;
				PRODUCT_NAME = "$(TARGET_NAME:c99extidentifier)";
				SDKROOT = auto;
				SKIP_INSTALL = YES;
				SUPPORTED_PLATFORMS = macosx;
				SUPPORTS_MACCATALYST = NO;
				SWIFT_EMIT_LOC_STRINGS = YES;
				SWIFT_INSTALL_OBJC_HEADER = NO;
				SWIFT_VERSION = 5.0;
				XROS_DEPLOYMENT_TARGET = 2.0;
			};
			name = Release;
		};
		268C42CB2CC93C75006E6D5D /* Debug */ = {
			isa = XCBuildConfiguration;
			baseConfigurationReference = 268C42562CC92CDE006E6D5D /* stappler_wasm.xcconfig */;
			buildSettings = {
				ALLOW_TARGET_PLATFORM_SPECIALIZATION = YES;
				BUILD_LIBRARY_FOR_DISTRIBUTION = YES;
				CODE_SIGN_STYLE = Automatic;
				CURRENT_PROJECT_VERSION = 1;
				DEFINES_MODULE = NO;
				DYLIB_COMPATIBILITY_VERSION = 1;
				DYLIB_CURRENT_VERSION = 1;
				DYLIB_INSTALL_NAME_BASE = "@rpath";
				ENABLE_MODULE_VERIFIER = YES;
				GENERATE_INFOPLIST_FILE = YES;
				INFOPLIST_KEY_NSHumanReadableCopyright = "";
				INSTALL_PATH = "$(LOCAL_LIBRARY_DIR)/Frameworks";
				IPHONEOS_DEPLOYMENT_TARGET = 18.0;
				LD_RUNPATH_SEARCH_PATHS = (
					"@executable_path/Frameworks",
					"@loader_path/Frameworks",
				);
				"LD_RUNPATH_SEARCH_PATHS[sdk=macosx*]" = (
					"@executable_path/../Frameworks",
					"@loader_path/Frameworks",
				);
				MACOSX_DEPLOYMENT_TARGET = 12.4;
				MARKETING_VERSION = 1.0;
				MODULE_VERIFIER_SUPPORTED_LANGUAGES = "objective-c objective-c++";
				MODULE_VERIFIER_SUPPORTED_LANGUAGE_STANDARDS = "gnu17 gnu++20";
				PRODUCT_BUNDLE_IDENTIFIER = org.stappler.wasm;
				PRODUCT_NAME = "$(TARGET_NAME:c99extidentifier)";
				SDKROOT = auto;
				SKIP_INSTALL = YES;
				SUPPORTED_PLATFORMS = macosx;
				SUPPORTS_MACCATALYST = NO;
				SWIFT_EMIT_LOC_STRINGS = YES;
				SWIFT_INSTALL_OBJC_HEADER = NO;
				SWIFT_VERSION = 5.0;
				XROS_DEPLOYMENT_TARGET = 2.0;
			};
			name = Debug;
		};
		268C42CC2CC93C75006E6D5D /* Release */ = {
			isa = XCBuildConfiguration;
			baseConfigurationReference = 268C42562CC92CDE006E6D5D /* stappler_wasm.xcconfig */;
			buildSettings = {
				ALLOW_TARGET_PLATFORM_SPECIALIZATION = YES;
				BUILD_LIBRARY_FOR_DISTRIBUTION = YES;
				CODE_SIGN_STYLE = Automatic;
				CURRENT_PROJECT_VERSION = 1;
				DEFINES_MODULE = NO;
				DYLIB_COMPATIBILITY_VERSION = 1;
				DYLIB_CURRENT_VERSION = 1;
				DYLIB_INSTALL_NAME_BASE = "@rpath";
				ENABLE_MODULE_VERIFIER = YES;
				GENERATE_INFOPLIST_FILE = YES;
				INFOPLIST_KEY_NSHumanReadableCopyright = "";
				INSTALL_PATH = "$(LOCAL_LIBRARY_DIR)/Frameworks";
				IPHONEOS_DEPLOYMENT_TARGET = 18.0;
				LD_RUNPATH_SEARCH_PATHS = (
					"@executable_path/Frameworks",
					"@loader_path/Frameworks",
				);
				"LD_RUNPATH_SEARCH_PATHS[sdk=macosx*]" = (
					"@executable_path/../Frameworks",
					"@loader_path/Frameworks",
				);
				MACOSX_DEPLOYMENT_TARGET = 12.4;
				MARKETING_VERSION = 1.0;
				MODULE_VERIFIER_SUPPORTED_LANGUAGES = "objective-c objective-c++";
				MODULE_VERIFIER_SUPPORTED_LANGUAGE_STANDARDS = "gnu17 gnu++20";
				PRODUCT_BUNDLE_IDENTIFIER = org.stappler.wasm;
				PRODUCT_NAME = "$(TARGET_NAME:c99extidentifier)";
				SDKROOT = auto;
				SKIP_INSTALL = YES;
				SUPPORTED_PLATFORMS = macosx;
				SUPPORTS_MACCATALYST = NO;
				SWIFT_EMIT_LOC_STRINGS = YES;
				SWIFT_INSTALL_OBJC_HEADER = NO;
				SWIFT_VERSION = 5.0;
				XROS_DEPLOYMENT_TARGET = 2.0;
			};
			name = Release;
		};
		268C42D82CC93C8C006E6D5D /* Debug */ = {
			isa = XCBuildConfiguration;
			baseConfigurationReference = 268C42572CC92CDE006E6D5D /* stappler_zip.xcconfig */;
			buildSettings = {
				ALLOW_TARGET_PLATFORM_SPECIALIZATION = YES;
				BUILD_LIBRARY_FOR_DISTRIBUTION = YES;
				CODE_SIGN_STYLE = Automatic;
				CURRENT_PROJECT_VERSION = 1;
				DEFINES_MODULE = NO;
				DYLIB_COMPATIBILITY_VERSION = 1;
				DYLIB_CURRENT_VERSION = 1;
				DYLIB_INSTALL_NAME_BASE = "@rpath";
				ENABLE_MODULE_VERIFIER = YES;
				GENERATE_INFOPLIST_FILE = YES;
				INFOPLIST_KEY_NSHumanReadableCopyright = "";
				INSTALL_PATH = "$(LOCAL_LIBRARY_DIR)/Frameworks";
				IPHONEOS_DEPLOYMENT_TARGET = 18.0;
				LD_RUNPATH_SEARCH_PATHS = (
					"@executable_path/Frameworks",
					"@loader_path/Frameworks",
				);
				"LD_RUNPATH_SEARCH_PATHS[sdk=macosx*]" = (
					"@executable_path/../Frameworks",
					"@loader_path/Frameworks",
				);
				MACOSX_DEPLOYMENT_TARGET = 12.4;
				MARKETING_VERSION = 1.0;
				MODULE_VERIFIER_SUPPORTED_LANGUAGES = "objective-c objective-c++";
				MODULE_VERIFIER_SUPPORTED_LANGUAGE_STANDARDS = "gnu17 gnu++20";
				PRODUCT_BUNDLE_IDENTIFIER = org.stappler.zip;
				PRODUCT_NAME = "$(TARGET_NAME:c99extidentifier)";
				SDKROOT = auto;
				SKIP_INSTALL = YES;
				SUPPORTED_PLATFORMS = macosx;
				SUPPORTS_MACCATALYST = NO;
				SWIFT_EMIT_LOC_STRINGS = YES;
				SWIFT_INSTALL_OBJC_HEADER = NO;
				SWIFT_VERSION = 5.0;
				XROS_DEPLOYMENT_TARGET = 2.0;
			};
			name = Debug;
		};
		268C42D92CC93C8C006E6D5D /* Release */ = {
			isa = XCBuildConfiguration;
			baseConfigurationReference = 268C42572CC92CDE006E6D5D /* stappler_zip.xcconfig */;
			buildSettings = {
				ALLOW_TARGET_PLATFORM_SPECIALIZATION = YES;
				BUILD_LIBRARY_FOR_DISTRIBUTION = YES;
				CODE_SIGN_STYLE = Automatic;
				CURRENT_PROJECT_VERSION = 1;
				DEFINES_MODULE = NO;
				DYLIB_COMPATIBILITY_VERSION = 1;
				DYLIB_CURRENT_VERSION = 1;
				DYLIB_INSTALL_NAME_BASE = "@rpath";
				ENABLE_MODULE_VERIFIER = YES;
				GENERATE_INFOPLIST_FILE = YES;
				INFOPLIST_KEY_NSHumanReadableCopyright = "";
				INSTALL_PATH = "$(LOCAL_LIBRARY_DIR)/Frameworks";
				IPHONEOS_DEPLOYMENT_TARGET = 18.0;
				LD_RUNPATH_SEARCH_PATHS = (
					"@executable_path/Frameworks",
					"@loader_path/Frameworks",
				);
				"LD_RUNPATH_SEARCH_PATHS[sdk=macosx*]" = (
					"@executable_path/../Frameworks",
					"@loader_path/Frameworks",
				);
				MACOSX_DEPLOYMENT_TARGET = 12.4;
				MARKETING_VERSION = 1.0;
				MODULE_VERIFIER_SUPPORTED_LANGUAGES = "objective-c objective-c++";
				MODULE_VERIFIER_SUPPORTED_LANGUAGE_STANDARDS = "gnu17 gnu++20";
				PRODUCT_BUNDLE_IDENTIFIER = org.stappler.zip;
				PRODUCT_NAME = "$(TARGET_NAME:c99extidentifier)";
				SDKROOT = auto;
				SKIP_INSTALL = YES;
				SUPPORTED_PLATFORMS = macosx;
				SUPPORTS_MACCATALYST = NO;
				SWIFT_EMIT_LOC_STRINGS = YES;
				SWIFT_INSTALL_OBJC_HEADER = NO;
				SWIFT_VERSION = 5.0;
				XROS_DEPLOYMENT_TARGET = 2.0;
			};
			name = Release;
		};
		268C47072CCA31A8006E6D5D /* Debug */ = {
			isa = XCBuildConfiguration;
			buildSettings = {
				CODE_SIGN_STYLE = Automatic;
				PRODUCT_NAME = "$(TARGET_NAME)";
			};
			name = Debug;
		};
		268C47082CCA31A8006E6D5D /* Release */ = {
			isa = XCBuildConfiguration;
			buildSettings = {
				CODE_SIGN_STYLE = Automatic;
				PRODUCT_NAME = "$(TARGET_NAME)";
			};
			name = Release;
		};
/* End XCBuildConfiguration section */

/* Begin XCConfigurationList section */
		2670DFEF2CC5766A00B3A76A /* Build configuration list for PBXProject "core" */ = {
			isa = XCConfigurationList;
			buildConfigurations = (
				2670DFFE2CC5766A00B3A76A /* Debug */,
				2670DFFF2CC5766A00B3A76A /* Release */,
			);
			defaultConfigurationIsVisible = 0;
			defaultConfigurationName = Release;
		};
		268C41C72CC8EE0D006E6D5D /* Build configuration list for PBXNativeTarget "core" */ = {
			isa = XCConfigurationList;
			buildConfigurations = (
				268C41C82CC8EE0D006E6D5D /* Debug */,
				268C41C92CC8EE0D006E6D5D /* Release */,
			);
			defaultConfigurationIsVisible = 0;
			defaultConfigurationName = Release;
		};
		268C41F72CC8F097006E6D5D /* Build configuration list for PBXNativeTarget "data" */ = {
			isa = XCConfigurationList;
			buildConfigurations = (
				268C41F82CC8F097006E6D5D /* Debug */,
				268C41F92CC8F097006E6D5D /* Release */,
			);
			defaultConfigurationIsVisible = 0;
			defaultConfigurationName = Release;
		};
		268C42042CC8F0A1006E6D5D /* Build configuration list for PBXNativeTarget "crypto" */ = {
			isa = XCConfigurationList;
			buildConfigurations = (
				268C42052CC8F0A1006E6D5D /* Debug */,
				268C42062CC8F0A1006E6D5D /* Release */,
			);
			defaultConfigurationIsVisible = 0;
			defaultConfigurationName = Release;
		};
		268C42622CC93B3D006E6D5D /* Build configuration list for PBXNativeTarget "bitmap" */ = {
			isa = XCConfigurationList;
			buildConfigurations = (
				268C42632CC93B3D006E6D5D /* Debug */,
				268C42642CC93B3D006E6D5D /* Release */,
			);
			defaultConfigurationIsVisible = 0;
			defaultConfigurationName = Release;
		};
		268C426F2CC93B78006E6D5D /* Build configuration list for PBXNativeTarget "db" */ = {
			isa = XCConfigurationList;
			buildConfigurations = (
				268C42702CC93B78006E6D5D /* Debug */,
				268C42712CC93B78006E6D5D /* Release */,
			);
			defaultConfigurationIsVisible = 0;
			defaultConfigurationName = Release;
		};
		268C427C2CC93B8D006E6D5D /* Build configuration list for PBXNativeTarget "font" */ = {
			isa = XCConfigurationList;
			buildConfigurations = (
				268C427D2CC93B8D006E6D5D /* Debug */,
				268C427E2CC93B8D006E6D5D /* Release */,
			);
			defaultConfigurationIsVisible = 0;
			defaultConfigurationName = Release;
		};
		268C42892CC93BE0006E6D5D /* Build configuration list for PBXNativeTarget "geom" */ = {
			isa = XCConfigurationList;
			buildConfigurations = (
				268C428A2CC93BE0006E6D5D /* Debug */,
				268C428B2CC93BE0006E6D5D /* Release */,
			);
			defaultConfigurationIsVisible = 0;
			defaultConfigurationName = Release;
		};
		268C42962CC93C02006E6D5D /* Build configuration list for PBXNativeTarget "network" */ = {
			isa = XCConfigurationList;
			buildConfigurations = (
				268C42972CC93C02006E6D5D /* Debug */,
				268C42982CC93C02006E6D5D /* Release */,
			);
			defaultConfigurationIsVisible = 0;
			defaultConfigurationName = Release;
		};
		268C42A32CC93C30006E6D5D /* Build configuration list for PBXNativeTarget "search" */ = {
			isa = XCConfigurationList;
			buildConfigurations = (
				268C42A42CC93C30006E6D5D /* Debug */,
				268C42A52CC93C30006E6D5D /* Release */,
			);
			defaultConfigurationIsVisible = 0;
			defaultConfigurationName = Release;
		};
		268C42B02CC93C4A006E6D5D /* Build configuration list for PBXNativeTarget "tess" */ = {
			isa = XCConfigurationList;
			buildConfigurations = (
				268C42B12CC93C4A006E6D5D /* Debug */,
				268C42B22CC93C4A006E6D5D /* Release */,
			);
			defaultConfigurationIsVisible = 0;
			defaultConfigurationName = Release;
		};
		268C42BD2CC93C63006E6D5D /* Build configuration list for PBXNativeTarget "vg" */ = {
			isa = XCConfigurationList;
			buildConfigurations = (
				268C42BE2CC93C63006E6D5D /* Debug */,
				268C42BF2CC93C63006E6D5D /* Release */,
			);
			defaultConfigurationIsVisible = 0;
			defaultConfigurationName = Release;
		};
		268C42CA2CC93C75006E6D5D /* Build configuration list for PBXNativeTarget "wasm" */ = {
			isa = XCConfigurationList;
			buildConfigurations = (
				268C42CB2CC93C75006E6D5D /* Debug */,
				268C42CC2CC93C75006E6D5D /* Release */,
			);
			defaultConfigurationIsVisible = 0;
			defaultConfigurationName = Release;
		};
		268C42D72CC93C8C006E6D5D /* Build configuration list for PBXNativeTarget "zip" */ = {
			isa = XCConfigurationList;
			buildConfigurations = (
				268C42D82CC93C8C006E6D5D /* Debug */,
				268C42D92CC93C8C006E6D5D /* Release */,
			);
			defaultConfigurationIsVisible = 0;
			defaultConfigurationName = Release;
		};
		268C47092CCA31A8006E6D5D /* Build configuration list for PBXAggregateTarget "libstappler-core" */ = {
			isa = XCConfigurationList;
			buildConfigurations = (
				268C47072CCA31A8006E6D5D /* Debug */,
				268C47082CCA31A8006E6D5D /* Release */,
			);
			defaultConfigurationIsVisible = 0;
			defaultConfigurationName = Release;
		};
/* End XCConfigurationList section */
	};
	rootObject = 2670DFEC2CC5766A00B3A76A /* Project object */;
}
